// !$*UTF8*$!
{
	archiveVersion = 1;
	classes = {
	};
	objectVersion = 46;
	objects = {

/* Begin PBXBuildFile section */
		1D3623260D0F684500981E51 /* NeologAppDelegate.m in Sources */ = {isa = PBXBuildFile; fileRef = 1D3623250D0F684500981E51 /* NeologAppDelegate.m */; };
		1D60589B0D05DD56006BFB54 /* main.m in Sources */ = {isa = PBXBuildFile; fileRef = 29B97316FDCFA39411CA2CEA /* main.m */; };
		1D60589F0D05DD5A006BFB54 /* Foundation.framework in Frameworks */ = {isa = PBXBuildFile; fileRef = 1D30AB110D05D00D00671497 /* Foundation.framework */; };
		1DF5F4E00D08C38300B7A737 /* UIKit.framework in Frameworks */ = {isa = PBXBuildFile; fileRef = 1DF5F4DF0D08C38300B7A737 /* UIKit.framework */; };
		288765080DF74369002DB57D /* CoreGraphics.framework in Frameworks */ = {isa = PBXBuildFile; fileRef = 288765070DF74369002DB57D /* CoreGraphics.framework */; };
		28AD73880D9D96C1002E5188 /* MainWindow.xib in Resources */ = {isa = PBXBuildFile; fileRef = 28AD73870D9D96C1002E5188 /* MainWindow.xib */; };
		8A29D44D13BC6764004B37BF /* Words.m in Sources */ = {isa = PBXBuildFile; fileRef = 8A29D44B13BC6764004B37BF /* Words.m */; };
		8A29D44E13BC6764004B37BF /* Words.xib in Resources */ = {isa = PBXBuildFile; fileRef = 8A29D44C13BC6764004B37BF /* Words.xib */; };
		8A29D47A13BC6DED004B37BF /* dbWord.m in Sources */ = {isa = PBXBuildFile; fileRef = 8A29D47913BC6DED004B37BF /* dbWord.m */; };
		8A29D4F113BC7728004B37BF /* WordDetails.m in Sources */ = {isa = PBXBuildFile; fileRef = 8A29D4EF13BC7728004B37BF /* WordDetails.m */; };
		8A29D4F213BC7728004B37BF /* WordDetails.xib in Resources */ = {isa = PBXBuildFile; fileRef = 8A29D4F013BC7728004B37BF /* WordDetails.xib */; };
		8A29D58613BC7B73004B37BF /* Icon.png in Resources */ = {isa = PBXBuildFile; fileRef = 8A29D58413BC7B73004B37BF /* Icon.png */; };
		8A29D58713BC7B73004B37BF /* Icon@2x.png in Resources */ = {isa = PBXBuildFile; fileRef = 8A29D58513BC7B73004B37BF /* Icon@2x.png */; };
		8A29D5D213BC82DE004B37BF /* dbWordComment.m in Sources */ = {isa = PBXBuildFile; fileRef = 8A29D5D113BC82DE004B37BF /* dbWordComment.m */; };
		8A29D63713BC8B0A004B37BF /* WordComments.m in Sources */ = {isa = PBXBuildFile; fileRef = 8A29D63513BC8B0A004B37BF /* WordComments.m */; };
		8A29D63813BC8B0A004B37BF /* WordComments.xib in Resources */ = {isa = PBXBuildFile; fileRef = 8A29D63613BC8B0A004B37BF /* WordComments.xib */; };
		8A29D6BC13BC9383004B37BF /* CellWordComment.m in Sources */ = {isa = PBXBuildFile; fileRef = 8A29D6BA13BC9383004B37BF /* CellWordComment.m */; };
		8A29D6BD13BC9383004B37BF /* CellWordComment.xib in Resources */ = {isa = PBXBuildFile; fileRef = 8A29D6BB13BC9383004B37BF /* CellWordComment.xib */; };
		8A29D7D713BCA4AB004B37BF /* WordSendComment.m in Sources */ = {isa = PBXBuildFile; fileRef = 8A29D7D513BCA4AB004B37BF /* WordSendComment.m */; };
		8A29D7D813BCA4AB004B37BF /* WordSendComment.xib in Resources */ = {isa = PBXBuildFile; fileRef = 8A29D7D613BCA4AB004B37BF /* WordSendComment.xib */; };
		8A29D97513BCB54E004B37BF /* dbSetting.m in Sources */ = {isa = PBXBuildFile; fileRef = 8A29D97413BCB54E004B37BF /* dbSetting.m */; };
		8A29D9E613BCBBF0004B37BF /* Localizable.strings in Resources */ = {isa = PBXBuildFile; fileRef = 8A29D9E513BCBBF0004B37BF /* Localizable.strings */; };
		8A3EA53C13EBF66100B671B2 /* FBLoginButton.m in Sources */ = {isa = PBXBuildFile; fileRef = 8A3EA53B13EBF66100B671B2 /* FBLoginButton.m */; };
		8A3EA55613EBF6C300B671B2 /* Facebook.m in Sources */ = {isa = PBXBuildFile; fileRef = 8A3EA53F13EBF6C300B671B2 /* Facebook.m */; };
		8A3EA55713EBF6C300B671B2 /* FBDialog.bundle in Resources */ = {isa = PBXBuildFile; fileRef = 8A3EA54113EBF6C300B671B2 /* FBDialog.bundle */; };
		8A3EA55813EBF6C300B671B2 /* FBDialog.m in Sources */ = {isa = PBXBuildFile; fileRef = 8A3EA54313EBF6C300B671B2 /* FBDialog.m */; };
		8A3EA55913EBF6C300B671B2 /* FBLoginDialog.m in Sources */ = {isa = PBXBuildFile; fileRef = 8A3EA54513EBF6C300B671B2 /* FBLoginDialog.m */; };
		8A3EA55A13EBF6C300B671B2 /* FBRequest.m in Sources */ = {isa = PBXBuildFile; fileRef = 8A3EA54713EBF6C300B671B2 /* FBRequest.m */; };
		8A3EA55B13EBF6C300B671B2 /* NSObject+SBJSON.m in Sources */ = {isa = PBXBuildFile; fileRef = 8A3EA54B13EBF6C300B671B2 /* NSObject+SBJSON.m */; };
		8A3EA55C13EBF6C300B671B2 /* NSString+SBJSON.m in Sources */ = {isa = PBXBuildFile; fileRef = 8A3EA54D13EBF6C300B671B2 /* NSString+SBJSON.m */; };
		8A3EA55D13EBF6C300B671B2 /* SBJSON.m in Sources */ = {isa = PBXBuildFile; fileRef = 8A3EA54F13EBF6C300B671B2 /* SBJSON.m */; };
		8A3EA55E13EBF6C300B671B2 /* SBJsonBase.m in Sources */ = {isa = PBXBuildFile; fileRef = 8A3EA55113EBF6C300B671B2 /* SBJsonBase.m */; };
		8A3EA55F13EBF6C300B671B2 /* SBJsonParser.m in Sources */ = {isa = PBXBuildFile; fileRef = 8A3EA55313EBF6C300B671B2 /* SBJsonParser.m */; };
		8A3EA56013EBF6C300B671B2 /* SBJsonWriter.m in Sources */ = {isa = PBXBuildFile; fileRef = 8A3EA55513EBF6C300B671B2 /* SBJsonWriter.m */; };
		8A3EA5A113EBF6D200B671B2 /* jQueryInject.txt in Resources */ = {isa = PBXBuildFile; fileRef = 8A3EA56713EBF6D200B671B2 /* jQueryInject.txt */; };
		8A3EA5A213EBF6D200B671B2 /* jQueryInjectLandscape.txt in Resources */ = {isa = PBXBuildFile; fileRef = 8A3EA56813EBF6D200B671B2 /* jQueryInjectLandscape.txt */; };
		8A3EA5A313EBF6D200B671B2 /* libOAuth.a in Frameworks */ = {isa = PBXBuildFile; fileRef = 8A3EA56913EBF6D200B671B2 /* libOAuth.a */; };
		8A3EA5A413EBF6D200B671B2 /* MGTwitterEngine.m in Sources */ = {isa = PBXBuildFile; fileRef = 8A3EA57C13EBF6D200B671B2 /* MGTwitterEngine.m */; };
		8A3EA5A513EBF6D200B671B2 /* MGTwitterHTTPURLConnection.m in Sources */ = {isa = PBXBuildFile; fileRef = 8A3EA58013EBF6D200B671B2 /* MGTwitterHTTPURLConnection.m */; };
		8A3EA5A613EBF6D200B671B2 /* MGTwitterLibXMLParser.m in Sources */ = {isa = PBXBuildFile; fileRef = 8A3EA58213EBF6D200B671B2 /* MGTwitterLibXMLParser.m */; };
		8A3EA5A713EBF6D200B671B2 /* MGTwitterMessagesLibXMLParser.m in Sources */ = {isa = PBXBuildFile; fileRef = 8A3EA58413EBF6D200B671B2 /* MGTwitterMessagesLibXMLParser.m */; };
		8A3EA5A813EBF6D200B671B2 /* MGTwitterMessagesParser.m in Sources */ = {isa = PBXBuildFile; fileRef = 8A3EA58613EBF6D200B671B2 /* MGTwitterMessagesParser.m */; };
		8A3EA5A913EBF6D200B671B2 /* MGTwitterMiscLibXMLParser.m in Sources */ = {isa = PBXBuildFile; fileRef = 8A3EA58813EBF6D200B671B2 /* MGTwitterMiscLibXMLParser.m */; };
		8A3EA5AA13EBF6D200B671B2 /* MGTwitterMiscParser.m in Sources */ = {isa = PBXBuildFile; fileRef = 8A3EA58A13EBF6D200B671B2 /* MGTwitterMiscParser.m */; };
		8A3EA5AB13EBF6D200B671B2 /* MGTwitterStatusesLibXMLParser.m in Sources */ = {isa = PBXBuildFile; fileRef = 8A3EA58E13EBF6D200B671B2 /* MGTwitterStatusesLibXMLParser.m */; };
		8A3EA5AC13EBF6D200B671B2 /* MGTwitterStatusesParser.m in Sources */ = {isa = PBXBuildFile; fileRef = 8A3EA59013EBF6D200B671B2 /* MGTwitterStatusesParser.m */; };
		8A3EA5AD13EBF6D200B671B2 /* MGTwitterUsersLibXMLParser.m in Sources */ = {isa = PBXBuildFile; fileRef = 8A3EA59213EBF6D200B671B2 /* MGTwitterUsersLibXMLParser.m */; };
		8A3EA5AE13EBF6D200B671B2 /* MGTwitterUsersParser.m in Sources */ = {isa = PBXBuildFile; fileRef = 8A3EA59413EBF6D200B671B2 /* MGTwitterUsersParser.m */; };
		8A3EA5AF13EBF6D200B671B2 /* MGTwitterXMLParser.m in Sources */ = {isa = PBXBuildFile; fileRef = 8A3EA59613EBF6D200B671B2 /* MGTwitterXMLParser.m */; };
		8A3EA5B013EBF6D200B671B2 /* NSData+Base64.m in Sources */ = {isa = PBXBuildFile; fileRef = 8A3EA59813EBF6D200B671B2 /* NSData+Base64.m */; };
		8A3EA5B113EBF6D200B671B2 /* NSString+UUID.m in Sources */ = {isa = PBXBuildFile; fileRef = 8A3EA59A13EBF6D200B671B2 /* NSString+UUID.m */; };
		8A3EA5B213EBF6D200B671B2 /* SA_OAuthTwitterController.m in Sources */ = {isa = PBXBuildFile; fileRef = 8A3EA59D13EBF6D200B671B2 /* SA_OAuthTwitterController.m */; };
		8A3EA5B313EBF6D200B671B2 /* SA_OAuthTwitterEngine.m in Sources */ = {isa = PBXBuildFile; fileRef = 8A3EA59F13EBF6D200B671B2 /* SA_OAuthTwitterEngine.m */; };
		8A3EA5B413EBF6D200B671B2 /* twitter_load.png in Resources */ = {isa = PBXBuildFile; fileRef = 8A3EA5A013EBF6D200B671B2 /* twitter_load.png */; };
		8A3EA5FB13EBF81200B671B2 /* libxml2.2.dylib in Frameworks */ = {isa = PBXBuildFile; fileRef = 8A3EA5FA13EBF81200B671B2 /* libxml2.2.dylib */; };
		8A87E07F13BB6D0000BA16C9 /* gaz.png in Resources */ = {isa = PBXBuildFile; fileRef = 8A87E07E13BB6D0000BA16C9 /* gaz.png */; };
		8A87E17213BC4AF200BA16C9 /* dbStaticContent.m in Sources */ = {isa = PBXBuildFile; fileRef = 8A87E17113BC4AF200BA16C9 /* dbStaticContent.m */; };
		8AAA002113BB064B00CDC94C /* About.m in Sources */ = {isa = PBXBuildFile; fileRef = 8AAA001F13BB064B00CDC94C /* About.m */; };
		8AAA002213BB064B00CDC94C /* About.xib in Resources */ = {isa = PBXBuildFile; fileRef = 8AAA002013BB064B00CDC94C /* About.xib */; };
		8AAA002613BB068000CDC94C /* Settings.m in Sources */ = {isa = PBXBuildFile; fileRef = 8AAA002413BB068000CDC94C /* Settings.m */; };
		8AAA002713BB068000CDC94C /* Settings.xib in Resources */ = {isa = PBXBuildFile; fileRef = 8AAA002513BB068000CDC94C /* Settings.xib */; };
		8AAA003D13BB073A00CDC94C /* nlSettings.m in Sources */ = {isa = PBXBuildFile; fileRef = 8AAA003C13BB073A00CDC94C /* nlSettings.m */; };
		8AAA004B13BB08DD00CDC94C /* Reachability.m in Sources */ = {isa = PBXBuildFile; fileRef = 8AAA004A13BB08DD00CDC94C /* Reachability.m */; };
		8AAA008B13BB09EC00CDC94C /* SystemConfiguration.framework in Frameworks */ = {isa = PBXBuildFile; fileRef = 8AAA008A13BB09EC00CDC94C /* SystemConfiguration.framework */; };
		8AAA009313BB0A1000CDC94C /* CoreData.framework in Frameworks */ = {isa = PBXBuildFile; fileRef = 8AAA009213BB0A1000CDC94C /* CoreData.framework */; };
		8AAA009513BB0A1000CDC94C /* CoreLocation.framework in Frameworks */ = {isa = PBXBuildFile; fileRef = 8AAA009413BB0A1000CDC94C /* CoreLocation.framework */; };
		8AAA00AA13BB0A6300CDC94C /* LettersAndNests.m in Sources */ = {isa = PBXBuildFile; fileRef = 8AAA00A813BB0A6300CDC94C /* LettersAndNests.m */; };
		8AAA00AB13BB0A6300CDC94C /* LettersAndNests.xib in Resources */ = {isa = PBXBuildFile; fileRef = 8AAA00A913BB0A6300CDC94C /* LettersAndNests.xib */; };
		8AAA00AF13BB0A7400CDC94C /* SendWord.m in Sources */ = {isa = PBXBuildFile; fileRef = 8AAA00AD13BB0A7400CDC94C /* SendWord.m */; };
		8AAA00B013BB0A7400CDC94C /* SendWord.xib in Resources */ = {isa = PBXBuildFile; fileRef = 8AAA00AE13BB0A7400CDC94C /* SendWord.xib */; };
		8AAA00C613BB0AA800CDC94C /* tb-words.png in Resources */ = {isa = PBXBuildFile; fileRef = 8AAA00C513BB0AA800CDC94C /* tb-words.png */; };
		8AAA00C813BB0AB400CDC94C /* tb-sendword.png in Resources */ = {isa = PBXBuildFile; fileRef = 8AAA00C713BB0AB400CDC94C /* tb-sendword.png */; };
		8AAA00CA13BB0AC100CDC94C /* tb-settings.png in Resources */ = {isa = PBXBuildFile; fileRef = 8AAA00C913BB0AC100CDC94C /* tb-settings.png */; };
		8AFB68AE13BB112A00CB1491 /* Neolog.xcdatamodel in Sources */ = {isa = PBXBuildFile; fileRef = 8AFB68AD13BB112A00CB1491 /* Neolog.xcdatamodel */; };
		8AFB68B413BB12C700CB1491 /* WordDesc.m in Sources */ = {isa = PBXBuildFile; fileRef = 8AFB68B213BB12C700CB1491 /* WordDesc.m */; };
		8AFB68B513BB12C700CB1491 /* WordDesc.xib in Resources */ = {isa = PBXBuildFile; fileRef = 8AFB68B313BB12C700CB1491 /* WordDesc.xib */; };
		8AFB68FA13BB19FB00CB1491 /* CurrentWord.m in Sources */ = {isa = PBXBuildFile; fileRef = 8AFB68F913BB19FB00CB1491 /* CurrentWord.m */; };
		8AFB6A1113BB36C800CB1491 /* DBManagedObjectContext.m in Sources */ = {isa = PBXBuildFile; fileRef = 8AFB6A1013BB36C800CB1491 /* DBManagedObjectContext.m */; };
		8AFB6A1713BB373400CB1491 /* dbNest.m in Sources */ = {isa = PBXBuildFile; fileRef = 8AFB6A1413BB373400CB1491 /* dbNest.m */; };
		8AFB6A1813BB373400CB1491 /* dbAccountData.m in Sources */ = {isa = PBXBuildFile; fileRef = 8AFB6A1613BB373400CB1491 /* dbAccountData.m */; };
		8AFB6A4913BB3B7600CB1491 /* WebService.m in Sources */ = {isa = PBXBuildFile; fileRef = 8AFB6A4813BB3B7600CB1491 /* WebService.m */; };
		8AFB6A4C13BB3C1800CB1491 /* URLReader.m in Sources */ = {isa = PBXBuildFile; fileRef = 8AFB6A4B13BB3C1800CB1491 /* URLReader.m */; };
		8AFB6A6B13BB3E0B00CB1491 /* Loading.m in Sources */ = {isa = PBXBuildFile; fileRef = 8AFB6A6913BB3E0B00CB1491 /* Loading.m */; };
		8AFB6A6C13BB3E0B00CB1491 /* Loading.xib in Resources */ = {isa = PBXBuildFile; fileRef = 8AFB6A6A13BB3E0B00CB1491 /* Loading.xib */; };
		8AFB6A8313BB3EA800CB1491 /* logo.gif in Resources */ = {isa = PBXBuildFile; fileRef = 8AFB6A8213BB3EA800CB1491 /* logo.gif */; };
		8AFB6ACE13BB465200CB1491 /* BlackAlertView.m in Sources */ = {isa = PBXBuildFile; fileRef = 8AFB6ACD13BB465200CB1491 /* BlackAlertView.m */; };
/* End PBXBuildFile section */

/* Begin PBXFileReference section */
		1D30AB110D05D00D00671497 /* Foundation.framework */ = {isa = PBXFileReference; lastKnownFileType = wrapper.framework; name = Foundation.framework; path = System/Library/Frameworks/Foundation.framework; sourceTree = SDKROOT; };
		1D3623240D0F684500981E51 /* NeologAppDelegate.h */ = {isa = PBXFileReference; fileEncoding = 4; lastKnownFileType = sourcecode.c.h; path = NeologAppDelegate.h; sourceTree = "<group>"; };
		1D3623250D0F684500981E51 /* NeologAppDelegate.m */ = {isa = PBXFileReference; fileEncoding = 4; lastKnownFileType = sourcecode.c.objc; path = NeologAppDelegate.m; sourceTree = "<group>"; };
		1D6058910D05DD3D006BFB54 /* Neolog.app */ = {isa = PBXFileReference; explicitFileType = wrapper.application; includeInIndex = 0; path = Neolog.app; sourceTree = BUILT_PRODUCTS_DIR; };
		1DF5F4DF0D08C38300B7A737 /* UIKit.framework */ = {isa = PBXFileReference; lastKnownFileType = wrapper.framework; name = UIKit.framework; path = System/Library/Frameworks/UIKit.framework; sourceTree = SDKROOT; };
		288765070DF74369002DB57D /* CoreGraphics.framework */ = {isa = PBXFileReference; lastKnownFileType = wrapper.framework; name = CoreGraphics.framework; path = System/Library/Frameworks/CoreGraphics.framework; sourceTree = SDKROOT; };
		28A0AB4B0D9B1048005BE974 /* Neolog_Prefix.pch */ = {isa = PBXFileReference; fileEncoding = 4; lastKnownFileType = sourcecode.c.h; path = Neolog_Prefix.pch; sourceTree = "<group>"; };
		28AD73870D9D96C1002E5188 /* MainWindow.xib */ = {isa = PBXFileReference; lastKnownFileType = file.xib; path = MainWindow.xib; sourceTree = "<group>"; };
		29B97316FDCFA39411CA2CEA /* main.m */ = {isa = PBXFileReference; fileEncoding = 4; lastKnownFileType = sourcecode.c.objc; path = main.m; sourceTree = "<group>"; };
		8A29D44A13BC6764004B37BF /* Words.h */ = {isa = PBXFileReference; fileEncoding = 4; lastKnownFileType = sourcecode.c.h; name = Words.h; path = ../Words.h; sourceTree = "<group>"; };
		8A29D44B13BC6764004B37BF /* Words.m */ = {isa = PBXFileReference; fileEncoding = 4; lastKnownFileType = sourcecode.c.objc; name = Words.m; path = ../Words.m; sourceTree = "<group>"; };
		8A29D44C13BC6764004B37BF /* Words.xib */ = {isa = PBXFileReference; lastKnownFileType = file.xib; path = Words.xib; sourceTree = "<group>"; };
		8A29D47813BC6DED004B37BF /* dbWord.h */ = {isa = PBXFileReference; fileEncoding = 4; lastKnownFileType = sourcecode.c.h; path = dbWord.h; sourceTree = "<group>"; };
		8A29D47913BC6DED004B37BF /* dbWord.m */ = {isa = PBXFileReference; fileEncoding = 4; lastKnownFileType = sourcecode.c.objc; path = dbWord.m; sourceTree = "<group>"; };
		8A29D4EE13BC7728004B37BF /* WordDetails.h */ = {isa = PBXFileReference; fileEncoding = 4; lastKnownFileType = sourcecode.c.h; name = WordDetails.h; path = ../WordDetails.h; sourceTree = "<group>"; };
		8A29D4EF13BC7728004B37BF /* WordDetails.m */ = {isa = PBXFileReference; fileEncoding = 4; lastKnownFileType = sourcecode.c.objc; name = WordDetails.m; path = ../WordDetails.m; sourceTree = "<group>"; };
		8A29D4F013BC7728004B37BF /* WordDetails.xib */ = {isa = PBXFileReference; lastKnownFileType = file.xib; path = WordDetails.xib; sourceTree = "<group>"; };
		8A29D58413BC7B73004B37BF /* Icon.png */ = {isa = PBXFileReference; lastKnownFileType = image.png; path = Icon.png; sourceTree = "<group>"; };
		8A29D58513BC7B73004B37BF /* Icon@2x.png */ = {isa = PBXFileReference; lastKnownFileType = image.png; path = "Icon@2x.png"; sourceTree = "<group>"; };
		8A29D5D013BC82DE004B37BF /* dbWordComment.h */ = {isa = PBXFileReference; fileEncoding = 4; lastKnownFileType = sourcecode.c.h; path = dbWordComment.h; sourceTree = "<group>"; };
		8A29D5D113BC82DE004B37BF /* dbWordComment.m */ = {isa = PBXFileReference; fileEncoding = 4; lastKnownFileType = sourcecode.c.objc; path = dbWordComment.m; sourceTree = "<group>"; };
		8A29D63413BC8B0A004B37BF /* WordComments.h */ = {isa = PBXFileReference; fileEncoding = 4; lastKnownFileType = sourcecode.c.h; name = WordComments.h; path = ../WordComments.h; sourceTree = "<group>"; };
		8A29D63513BC8B0A004B37BF /* WordComments.m */ = {isa = PBXFileReference; fileEncoding = 4; lastKnownFileType = sourcecode.c.objc; name = WordComments.m; path = ../WordComments.m; sourceTree = "<group>"; };
		8A29D63613BC8B0A004B37BF /* WordComments.xib */ = {isa = PBXFileReference; lastKnownFileType = file.xib; path = WordComments.xib; sourceTree = "<group>"; };
		8A29D6B913BC9383004B37BF /* CellWordComment.h */ = {isa = PBXFileReference; fileEncoding = 4; lastKnownFileType = sourcecode.c.h; name = CellWordComment.h; path = ../CellWordComment.h; sourceTree = "<group>"; };
		8A29D6BA13BC9383004B37BF /* CellWordComment.m */ = {isa = PBXFileReference; fileEncoding = 4; lastKnownFileType = sourcecode.c.objc; name = CellWordComment.m; path = ../CellWordComment.m; sourceTree = "<group>"; };
		8A29D6BB13BC9383004B37BF /* CellWordComment.xib */ = {isa = PBXFileReference; lastKnownFileType = file.xib; path = CellWordComment.xib; sourceTree = "<group>"; };
		8A29D7D413BCA4AB004B37BF /* WordSendComment.h */ = {isa = PBXFileReference; fileEncoding = 4; lastKnownFileType = sourcecode.c.h; name = WordSendComment.h; path = ../WordSendComment.h; sourceTree = "<group>"; };
		8A29D7D513BCA4AB004B37BF /* WordSendComment.m */ = {isa = PBXFileReference; fileEncoding = 4; lastKnownFileType = sourcecode.c.objc; name = WordSendComment.m; path = ../WordSendComment.m; sourceTree = "<group>"; };
		8A29D7D613BCA4AB004B37BF /* WordSendComment.xib */ = {isa = PBXFileReference; lastKnownFileType = file.xib; path = WordSendComment.xib; sourceTree = "<group>"; };
		8A29D97313BCB54E004B37BF /* dbSetting.h */ = {isa = PBXFileReference; fileEncoding = 4; lastKnownFileType = sourcecode.c.h; path = dbSetting.h; sourceTree = "<group>"; };
		8A29D97413BCB54E004B37BF /* dbSetting.m */ = {isa = PBXFileReference; fileEncoding = 4; lastKnownFileType = sourcecode.c.objc; path = dbSetting.m; sourceTree = "<group>"; };
		8A29D9E313BCBBEC004B37BF /* English */ = {isa = PBXFileReference; fileEncoding = 4; lastKnownFileType = text.plist.strings; name = English; path = English.lproj/Localizable.strings; sourceTree = "<group>"; };
		8A3EA53A13EBF66100B671B2 /* FBLoginButton.h */ = {isa = PBXFileReference; fileEncoding = 4; lastKnownFileType = sourcecode.c.h; path = FBLoginButton.h; sourceTree = SOURCE_ROOT; };
		8A3EA53B13EBF66100B671B2 /* FBLoginButton.m */ = {isa = PBXFileReference; fileEncoding = 4; lastKnownFileType = sourcecode.c.objc; path = FBLoginButton.m; sourceTree = SOURCE_ROOT; };
		8A3EA53E13EBF6C300B671B2 /* Facebook.h */ = {isa = PBXFileReference; fileEncoding = 4; lastKnownFileType = sourcecode.c.h; path = Facebook.h; sourceTree = "<group>"; };
		8A3EA53F13EBF6C300B671B2 /* Facebook.m */ = {isa = PBXFileReference; fileEncoding = 4; lastKnownFileType = sourcecode.c.objc; path = Facebook.m; sourceTree = "<group>"; };
		8A3EA54013EBF6C300B671B2 /* FBConnect.h */ = {isa = PBXFileReference; fileEncoding = 4; lastKnownFileType = sourcecode.c.h; path = FBConnect.h; sourceTree = "<group>"; };
		8A3EA54113EBF6C300B671B2 /* FBDialog.bundle */ = {isa = PBXFileReference; lastKnownFileType = "wrapper.plug-in"; path = FBDialog.bundle; sourceTree = "<group>"; };
		8A3EA54213EBF6C300B671B2 /* FBDialog.h */ = {isa = PBXFileReference; fileEncoding = 4; lastKnownFileType = sourcecode.c.h; path = FBDialog.h; sourceTree = "<group>"; };
		8A3EA54313EBF6C300B671B2 /* FBDialog.m */ = {isa = PBXFileReference; fileEncoding = 4; lastKnownFileType = sourcecode.c.objc; path = FBDialog.m; sourceTree = "<group>"; };
		8A3EA54413EBF6C300B671B2 /* FBLoginDialog.h */ = {isa = PBXFileReference; fileEncoding = 4; lastKnownFileType = sourcecode.c.h; path = FBLoginDialog.h; sourceTree = "<group>"; };
		8A3EA54513EBF6C300B671B2 /* FBLoginDialog.m */ = {isa = PBXFileReference; fileEncoding = 4; lastKnownFileType = sourcecode.c.objc; path = FBLoginDialog.m; sourceTree = "<group>"; };
		8A3EA54613EBF6C300B671B2 /* FBRequest.h */ = {isa = PBXFileReference; fileEncoding = 4; lastKnownFileType = sourcecode.c.h; path = FBRequest.h; sourceTree = "<group>"; };
		8A3EA54713EBF6C300B671B2 /* FBRequest.m */ = {isa = PBXFileReference; fileEncoding = 4; lastKnownFileType = sourcecode.c.objc; path = FBRequest.m; sourceTree = "<group>"; };
		8A3EA54913EBF6C300B671B2 /* JSON.h */ = {isa = PBXFileReference; fileEncoding = 4; lastKnownFileType = sourcecode.c.h; path = JSON.h; sourceTree = "<group>"; };
		8A3EA54A13EBF6C300B671B2 /* NSObject+SBJSON.h */ = {isa = PBXFileReference; fileEncoding = 4; lastKnownFileType = sourcecode.c.h; path = "NSObject+SBJSON.h"; sourceTree = "<group>"; };
		8A3EA54B13EBF6C300B671B2 /* NSObject+SBJSON.m */ = {isa = PBXFileReference; fileEncoding = 4; lastKnownFileType = sourcecode.c.objc; path = "NSObject+SBJSON.m"; sourceTree = "<group>"; };
		8A3EA54C13EBF6C300B671B2 /* NSString+SBJSON.h */ = {isa = PBXFileReference; fileEncoding = 4; lastKnownFileType = sourcecode.c.h; path = "NSString+SBJSON.h"; sourceTree = "<group>"; };
		8A3EA54D13EBF6C300B671B2 /* NSString+SBJSON.m */ = {isa = PBXFileReference; fileEncoding = 4; lastKnownFileType = sourcecode.c.objc; path = "NSString+SBJSON.m"; sourceTree = "<group>"; };
		8A3EA54E13EBF6C300B671B2 /* SBJSON.h */ = {isa = PBXFileReference; fileEncoding = 4; lastKnownFileType = sourcecode.c.h; path = SBJSON.h; sourceTree = "<group>"; };
		8A3EA54F13EBF6C300B671B2 /* SBJSON.m */ = {isa = PBXFileReference; fileEncoding = 4; lastKnownFileType = sourcecode.c.objc; path = SBJSON.m; sourceTree = "<group>"; };
		8A3EA55013EBF6C300B671B2 /* SBJsonBase.h */ = {isa = PBXFileReference; fileEncoding = 4; lastKnownFileType = sourcecode.c.h; path = SBJsonBase.h; sourceTree = "<group>"; };
		8A3EA55113EBF6C300B671B2 /* SBJsonBase.m */ = {isa = PBXFileReference; fileEncoding = 4; lastKnownFileType = sourcecode.c.objc; path = SBJsonBase.m; sourceTree = "<group>"; };
		8A3EA55213EBF6C300B671B2 /* SBJsonParser.h */ = {isa = PBXFileReference; fileEncoding = 4; lastKnownFileType = sourcecode.c.h; path = SBJsonParser.h; sourceTree = "<group>"; };
		8A3EA55313EBF6C300B671B2 /* SBJsonParser.m */ = {isa = PBXFileReference; fileEncoding = 4; lastKnownFileType = sourcecode.c.objc; path = SBJsonParser.m; sourceTree = "<group>"; };
		8A3EA55413EBF6C300B671B2 /* SBJsonWriter.h */ = {isa = PBXFileReference; fileEncoding = 4; lastKnownFileType = sourcecode.c.h; path = SBJsonWriter.h; sourceTree = "<group>"; };
		8A3EA55513EBF6C300B671B2 /* SBJsonWriter.m */ = {isa = PBXFileReference; fileEncoding = 4; lastKnownFileType = sourcecode.c.objc; path = SBJsonWriter.m; sourceTree = "<group>"; };
		8A3EA56713EBF6D200B671B2 /* jQueryInject.txt */ = {isa = PBXFileReference; fileEncoding = 4; lastKnownFileType = text; path = jQueryInject.txt; sourceTree = "<group>"; };
		8A3EA56813EBF6D200B671B2 /* jQueryInjectLandscape.txt */ = {isa = PBXFileReference; fileEncoding = 4; lastKnownFileType = text; path = jQueryInjectLandscape.txt; sourceTree = "<group>"; };
		8A3EA56913EBF6D200B671B2 /* libOAuth.a */ = {isa = PBXFileReference; lastKnownFileType = archive.ar; path = libOAuth.a; sourceTree = "<group>"; };
		8A3EA56B13EBF6D200B671B2 /* NSMutableURLRequest+Parameters.h */ = {isa = PBXFileReference; fileEncoding = 4; lastKnownFileType = sourcecode.c.h; path = "NSMutableURLRequest+Parameters.h"; sourceTree = "<group>"; };
		8A3EA56C13EBF6D200B671B2 /* NSString+URLEncoding.h */ = {isa = PBXFileReference; fileEncoding = 4; lastKnownFileType = sourcecode.c.h; path = "NSString+URLEncoding.h"; sourceTree = "<group>"; };
		8A3EA56D13EBF6D200B671B2 /* NSURL+Base.h */ = {isa = PBXFileReference; fileEncoding = 4; lastKnownFileType = sourcecode.c.h; path = "NSURL+Base.h"; sourceTree = "<group>"; };
		8A3EA56E13EBF6D200B671B2 /* OAAsynchronousDataFetcher.h */ = {isa = PBXFileReference; fileEncoding = 4; lastKnownFileType = sourcecode.c.h; path = OAAsynchronousDataFetcher.h; sourceTree = "<group>"; };
		8A3EA56F13EBF6D200B671B2 /* OAConsumer.h */ = {isa = PBXFileReference; fileEncoding = 4; lastKnownFileType = sourcecode.c.h; path = OAConsumer.h; sourceTree = "<group>"; };
		8A3EA57013EBF6D200B671B2 /* OADataFetcher.h */ = {isa = PBXFileReference; fileEncoding = 4; lastKnownFileType = sourcecode.c.h; path = OADataFetcher.h; sourceTree = "<group>"; };
		8A3EA57113EBF6D200B671B2 /* OAHMAC_SHA1SignatureProvider.h */ = {isa = PBXFileReference; fileEncoding = 4; lastKnownFileType = sourcecode.c.h; path = OAHMAC_SHA1SignatureProvider.h; sourceTree = "<group>"; };
		8A3EA57213EBF6D200B671B2 /* OAMutableURLRequest.h */ = {isa = PBXFileReference; fileEncoding = 4; lastKnownFileType = sourcecode.c.h; path = OAMutableURLRequest.h; sourceTree = "<group>"; };
		8A3EA57313EBF6D200B671B2 /* OAPlaintextSignatureProvider.h */ = {isa = PBXFileReference; fileEncoding = 4; lastKnownFileType = sourcecode.c.h; path = OAPlaintextSignatureProvider.h; sourceTree = "<group>"; };
		8A3EA57413EBF6D200B671B2 /* OARequestParameter.h */ = {isa = PBXFileReference; fileEncoding = 4; lastKnownFileType = sourcecode.c.h; path = OARequestParameter.h; sourceTree = "<group>"; };
		8A3EA57513EBF6D200B671B2 /* OAServiceTicket.h */ = {isa = PBXFileReference; fileEncoding = 4; lastKnownFileType = sourcecode.c.h; path = OAServiceTicket.h; sourceTree = "<group>"; };
		8A3EA57613EBF6D200B671B2 /* OASignatureProviding.h */ = {isa = PBXFileReference; fileEncoding = 4; lastKnownFileType = sourcecode.c.h; path = OASignatureProviding.h; sourceTree = "<group>"; };
		8A3EA57713EBF6D200B671B2 /* OAToken.h */ = {isa = PBXFileReference; fileEncoding = 4; lastKnownFileType = sourcecode.c.h; path = OAToken.h; sourceTree = "<group>"; };
		8A3EA57813EBF6D200B671B2 /* OAToken_KeychainExtensions.h */ = {isa = PBXFileReference; fileEncoding = 4; lastKnownFileType = sourcecode.c.h; path = OAToken_KeychainExtensions.h; sourceTree = "<group>"; };
		8A3EA57913EBF6D200B671B2 /* OAuthConsumer.h */ = {isa = PBXFileReference; fileEncoding = 4; lastKnownFileType = sourcecode.c.h; path = OAuthConsumer.h; sourceTree = "<group>"; };
		8A3EA57B13EBF6D200B671B2 /* MGTwitterEngine.h */ = {isa = PBXFileReference; fileEncoding = 4; lastKnownFileType = sourcecode.c.h; path = MGTwitterEngine.h; sourceTree = "<group>"; };
		8A3EA57C13EBF6D200B671B2 /* MGTwitterEngine.m */ = {isa = PBXFileReference; fileEncoding = 4; lastKnownFileType = sourcecode.c.objc; path = MGTwitterEngine.m; sourceTree = "<group>"; };
		8A3EA57D13EBF6D200B671B2 /* MGTwitterEngineDelegate.h */ = {isa = PBXFileReference; fileEncoding = 4; lastKnownFileType = sourcecode.c.h; path = MGTwitterEngineDelegate.h; sourceTree = "<group>"; };
		8A3EA57E13EBF6D200B671B2 /* MGTwitterEngineGlobalHeader.h */ = {isa = PBXFileReference; fileEncoding = 4; lastKnownFileType = sourcecode.c.h; path = MGTwitterEngineGlobalHeader.h; sourceTree = "<group>"; };
		8A3EA57F13EBF6D200B671B2 /* MGTwitterHTTPURLConnection.h */ = {isa = PBXFileReference; fileEncoding = 4; lastKnownFileType = sourcecode.c.h; path = MGTwitterHTTPURLConnection.h; sourceTree = "<group>"; };
		8A3EA58013EBF6D200B671B2 /* MGTwitterHTTPURLConnection.m */ = {isa = PBXFileReference; fileEncoding = 4; lastKnownFileType = sourcecode.c.objc; path = MGTwitterHTTPURLConnection.m; sourceTree = "<group>"; };
		8A3EA58113EBF6D200B671B2 /* MGTwitterLibXMLParser.h */ = {isa = PBXFileReference; fileEncoding = 4; lastKnownFileType = sourcecode.c.h; path = MGTwitterLibXMLParser.h; sourceTree = "<group>"; };
		8A3EA58213EBF6D200B671B2 /* MGTwitterLibXMLParser.m */ = {isa = PBXFileReference; fileEncoding = 4; lastKnownFileType = sourcecode.c.objc; path = MGTwitterLibXMLParser.m; sourceTree = "<group>"; };
		8A3EA58313EBF6D200B671B2 /* MGTwitterMessagesLibXMLParser.h */ = {isa = PBXFileReference; fileEncoding = 4; lastKnownFileType = sourcecode.c.h; path = MGTwitterMessagesLibXMLParser.h; sourceTree = "<group>"; };
		8A3EA58413EBF6D200B671B2 /* MGTwitterMessagesLibXMLParser.m */ = {isa = PBXFileReference; fileEncoding = 4; lastKnownFileType = sourcecode.c.objc; path = MGTwitterMessagesLibXMLParser.m; sourceTree = "<group>"; };
		8A3EA58513EBF6D200B671B2 /* MGTwitterMessagesParser.h */ = {isa = PBXFileReference; fileEncoding = 4; lastKnownFileType = sourcecode.c.h; path = MGTwitterMessagesParser.h; sourceTree = "<group>"; };
		8A3EA58613EBF6D200B671B2 /* MGTwitterMessagesParser.m */ = {isa = PBXFileReference; fileEncoding = 4; lastKnownFileType = sourcecode.c.objc; path = MGTwitterMessagesParser.m; sourceTree = "<group>"; };
		8A3EA58713EBF6D200B671B2 /* MGTwitterMiscLibXMLParser.h */ = {isa = PBXFileReference; fileEncoding = 4; lastKnownFileType = sourcecode.c.h; path = MGTwitterMiscLibXMLParser.h; sourceTree = "<group>"; };
		8A3EA58813EBF6D200B671B2 /* MGTwitterMiscLibXMLParser.m */ = {isa = PBXFileReference; fileEncoding = 4; lastKnownFileType = sourcecode.c.objc; path = MGTwitterMiscLibXMLParser.m; sourceTree = "<group>"; };
		8A3EA58913EBF6D200B671B2 /* MGTwitterMiscParser.h */ = {isa = PBXFileReference; fileEncoding = 4; lastKnownFileType = sourcecode.c.h; path = MGTwitterMiscParser.h; sourceTree = "<group>"; };
		8A3EA58A13EBF6D200B671B2 /* MGTwitterMiscParser.m */ = {isa = PBXFileReference; fileEncoding = 4; lastKnownFileType = sourcecode.c.objc; path = MGTwitterMiscParser.m; sourceTree = "<group>"; };
		8A3EA58B13EBF6D200B671B2 /* MGTwitterParserDelegate.h */ = {isa = PBXFileReference; fileEncoding = 4; lastKnownFileType = sourcecode.c.h; path = MGTwitterParserDelegate.h; sourceTree = "<group>"; };
		8A3EA58C13EBF6D200B671B2 /* MGTwitterRequestTypes.h */ = {isa = PBXFileReference; fileEncoding = 4; lastKnownFileType = sourcecode.c.h; path = MGTwitterRequestTypes.h; sourceTree = "<group>"; };
		8A3EA58D13EBF6D200B671B2 /* MGTwitterStatusesLibXMLParser.h */ = {isa = PBXFileReference; fileEncoding = 4; lastKnownFileType = sourcecode.c.h; path = MGTwitterStatusesLibXMLParser.h; sourceTree = "<group>"; };
		8A3EA58E13EBF6D200B671B2 /* MGTwitterStatusesLibXMLParser.m */ = {isa = PBXFileReference; fileEncoding = 4; lastKnownFileType = sourcecode.c.objc; path = MGTwitterStatusesLibXMLParser.m; sourceTree = "<group>"; };
		8A3EA58F13EBF6D200B671B2 /* MGTwitterStatusesParser.h */ = {isa = PBXFileReference; fileEncoding = 4; lastKnownFileType = sourcecode.c.h; path = MGTwitterStatusesParser.h; sourceTree = "<group>"; };
		8A3EA59013EBF6D200B671B2 /* MGTwitterStatusesParser.m */ = {isa = PBXFileReference; fileEncoding = 4; lastKnownFileType = sourcecode.c.objc; path = MGTwitterStatusesParser.m; sourceTree = "<group>"; };
		8A3EA59113EBF6D200B671B2 /* MGTwitterUsersLibXMLParser.h */ = {isa = PBXFileReference; fileEncoding = 4; lastKnownFileType = sourcecode.c.h; path = MGTwitterUsersLibXMLParser.h; sourceTree = "<group>"; };
		8A3EA59213EBF6D200B671B2 /* MGTwitterUsersLibXMLParser.m */ = {isa = PBXFileReference; fileEncoding = 4; lastKnownFileType = sourcecode.c.objc; path = MGTwitterUsersLibXMLParser.m; sourceTree = "<group>"; };
		8A3EA59313EBF6D200B671B2 /* MGTwitterUsersParser.h */ = {isa = PBXFileReference; fileEncoding = 4; lastKnownFileType = sourcecode.c.h; path = MGTwitterUsersParser.h; sourceTree = "<group>"; };
		8A3EA59413EBF6D200B671B2 /* MGTwitterUsersParser.m */ = {isa = PBXFileReference; fileEncoding = 4; lastKnownFileType = sourcecode.c.objc; path = MGTwitterUsersParser.m; sourceTree = "<group>"; };
		8A3EA59513EBF6D200B671B2 /* MGTwitterXMLParser.h */ = {isa = PBXFileReference; fileEncoding = 4; lastKnownFileType = sourcecode.c.h; path = MGTwitterXMLParser.h; sourceTree = "<group>"; };
		8A3EA59613EBF6D200B671B2 /* MGTwitterXMLParser.m */ = {isa = PBXFileReference; fileEncoding = 4; lastKnownFileType = sourcecode.c.objc; path = MGTwitterXMLParser.m; sourceTree = "<group>"; };
		8A3EA59713EBF6D200B671B2 /* NSData+Base64.h */ = {isa = PBXFileReference; fileEncoding = 4; lastKnownFileType = sourcecode.c.h; path = "NSData+Base64.h"; sourceTree = "<group>"; };
		8A3EA59813EBF6D200B671B2 /* NSData+Base64.m */ = {isa = PBXFileReference; fileEncoding = 4; lastKnownFileType = sourcecode.c.objc; path = "NSData+Base64.m"; sourceTree = "<group>"; };
		8A3EA59913EBF6D200B671B2 /* NSString+UUID.h */ = {isa = PBXFileReference; fileEncoding = 4; lastKnownFileType = sourcecode.c.h; path = "NSString+UUID.h"; sourceTree = "<group>"; };
		8A3EA59A13EBF6D200B671B2 /* NSString+UUID.m */ = {isa = PBXFileReference; fileEncoding = 4; lastKnownFileType = sourcecode.c.objc; path = "NSString+UUID.m"; sourceTree = "<group>"; };
		8A3EA59C13EBF6D200B671B2 /* SA_OAuthTwitterController.h */ = {isa = PBXFileReference; fileEncoding = 4; lastKnownFileType = sourcecode.c.h; path = SA_OAuthTwitterController.h; sourceTree = "<group>"; };
		8A3EA59D13EBF6D200B671B2 /* SA_OAuthTwitterController.m */ = {isa = PBXFileReference; fileEncoding = 4; lastKnownFileType = sourcecode.c.objc; path = SA_OAuthTwitterController.m; sourceTree = "<group>"; };
		8A3EA59E13EBF6D200B671B2 /* SA_OAuthTwitterEngine.h */ = {isa = PBXFileReference; fileEncoding = 4; lastKnownFileType = sourcecode.c.h; path = SA_OAuthTwitterEngine.h; sourceTree = "<group>"; };
		8A3EA59F13EBF6D200B671B2 /* SA_OAuthTwitterEngine.m */ = {isa = PBXFileReference; fileEncoding = 4; lastKnownFileType = sourcecode.c.objc; path = SA_OAuthTwitterEngine.m; sourceTree = "<group>"; };
		8A3EA5A013EBF6D200B671B2 /* twitter_load.png */ = {isa = PBXFileReference; lastKnownFileType = image.png; path = twitter_load.png; sourceTree = "<group>"; };
		8A3EA5FA13EBF81200B671B2 /* libxml2.2.dylib */ = {isa = PBXFileReference; lastKnownFileType = "compiled.mach-o.dylib"; name = libxml2.2.dylib; path = usr/lib/libxml2.2.dylib; sourceTree = SDKROOT; };
		8A87E07E13BB6D0000BA16C9 /* gaz.png */ = {isa = PBXFileReference; lastKnownFileType = image.png; path = gaz.png; sourceTree = "<group>"; };
		8A87E17013BC4AF200BA16C9 /* dbStaticContent.h */ = {isa = PBXFileReference; fileEncoding = 4; lastKnownFileType = sourcecode.c.h; path = dbStaticContent.h; sourceTree = "<group>"; };
		8A87E17113BC4AF200BA16C9 /* dbStaticContent.m */ = {isa = PBXFileReference; fileEncoding = 4; lastKnownFileType = sourcecode.c.objc; path = dbStaticContent.m; sourceTree = "<group>"; };
		8AAA001E13BB064B00CDC94C /* About.h */ = {isa = PBXFileReference; fileEncoding = 4; lastKnownFileType = sourcecode.c.h; name = About.h; path = ../About.h; sourceTree = "<group>"; };
		8AAA001F13BB064B00CDC94C /* About.m */ = {isa = PBXFileReference; fileEncoding = 4; lastKnownFileType = sourcecode.c.objc; name = About.m; path = ../About.m; sourceTree = "<group>"; };
		8AAA002013BB064B00CDC94C /* About.xib */ = {isa = PBXFileReference; lastKnownFileType = file.xib; path = About.xib; sourceTree = "<group>"; };
		8AAA002313BB068000CDC94C /* Settings.h */ = {isa = PBXFileReference; fileEncoding = 4; lastKnownFileType = sourcecode.c.h; name = Settings.h; path = ../Settings.h; sourceTree = "<group>"; };
		8AAA002413BB068000CDC94C /* Settings.m */ = {isa = PBXFileReference; fileEncoding = 4; lastKnownFileType = sourcecode.c.objc; name = Settings.m; path = ../Settings.m; sourceTree = "<group>"; };
		8AAA002513BB068000CDC94C /* Settings.xib */ = {isa = PBXFileReference; lastKnownFileType = file.xib; path = Settings.xib; sourceTree = "<group>"; };
		8AAA003A13BB072E00CDC94C /* SynthesizeSingleton.h */ = {isa = PBXFileReference; fileEncoding = 4; lastKnownFileType = sourcecode.c.h; path = SynthesizeSingleton.h; sourceTree = "<group>"; };
		8AAA003B13BB073A00CDC94C /* nlSettings.h */ = {isa = PBXFileReference; fileEncoding = 4; lastKnownFileType = sourcecode.c.h; path = nlSettings.h; sourceTree = "<group>"; };
		8AAA003C13BB073A00CDC94C /* nlSettings.m */ = {isa = PBXFileReference; fileEncoding = 4; lastKnownFileType = sourcecode.c.objc; path = nlSettings.m; sourceTree = "<group>"; };
		8AAA004913BB08DD00CDC94C /* Reachability.h */ = {isa = PBXFileReference; fileEncoding = 4; lastKnownFileType = sourcecode.c.h; path = Reachability.h; sourceTree = "<group>"; };
		8AAA004A13BB08DD00CDC94C /* Reachability.m */ = {isa = PBXFileReference; fileEncoding = 4; lastKnownFileType = sourcecode.c.objc; path = Reachability.m; sourceTree = "<group>"; };
		8AAA008A13BB09EC00CDC94C /* SystemConfiguration.framework */ = {isa = PBXFileReference; lastKnownFileType = wrapper.framework; name = SystemConfiguration.framework; path = System/Library/Frameworks/SystemConfiguration.framework; sourceTree = SDKROOT; };
		8AAA009213BB0A1000CDC94C /* CoreData.framework */ = {isa = PBXFileReference; lastKnownFileType = wrapper.framework; name = CoreData.framework; path = System/Library/Frameworks/CoreData.framework; sourceTree = SDKROOT; };
		8AAA009413BB0A1000CDC94C /* CoreLocation.framework */ = {isa = PBXFileReference; lastKnownFileType = wrapper.framework; name = CoreLocation.framework; path = System/Library/Frameworks/CoreLocation.framework; sourceTree = SDKROOT; };
		8AAA00A713BB0A6300CDC94C /* LettersAndNests.h */ = {isa = PBXFileReference; fileEncoding = 4; lastKnownFileType = sourcecode.c.h; path = LettersAndNests.h; sourceTree = "<group>"; };
		8AAA00A813BB0A6300CDC94C /* LettersAndNests.m */ = {isa = PBXFileReference; fileEncoding = 4; lastKnownFileType = sourcecode.c.objc; path = LettersAndNests.m; sourceTree = "<group>"; };
		8AAA00A913BB0A6300CDC94C /* LettersAndNests.xib */ = {isa = PBXFileReference; lastKnownFileType = file.xib; name = LettersAndNests.xib; path = Classes/LettersAndNests.xib; sourceTree = "<group>"; };
		8AAA00AC13BB0A7400CDC94C /* SendWord.h */ = {isa = PBXFileReference; fileEncoding = 4; lastKnownFileType = sourcecode.c.h; path = SendWord.h; sourceTree = "<group>"; };
		8AAA00AD13BB0A7400CDC94C /* SendWord.m */ = {isa = PBXFileReference; fileEncoding = 4; lastKnownFileType = sourcecode.c.objc; path = SendWord.m; sourceTree = "<group>"; };
		8AAA00AE13BB0A7400CDC94C /* SendWord.xib */ = {isa = PBXFileReference; lastKnownFileType = file.xib; name = SendWord.xib; path = Classes/SendWord.xib; sourceTree = "<group>"; };
		8AAA00C513BB0AA800CDC94C /* tb-words.png */ = {isa = PBXFileReference; lastKnownFileType = image.png; path = "tb-words.png"; sourceTree = "<group>"; };
		8AAA00C713BB0AB400CDC94C /* tb-sendword.png */ = {isa = PBXFileReference; lastKnownFileType = image.png; path = "tb-sendword.png"; sourceTree = "<group>"; };
		8AAA00C913BB0AC100CDC94C /* tb-settings.png */ = {isa = PBXFileReference; lastKnownFileType = image.png; path = "tb-settings.png"; sourceTree = "<group>"; };
		8AC62BDA13BCC43F0049A5C6 /* Readme.markdown */ = {isa = PBXFileReference; fileEncoding = 4; lastKnownFileType = text; path = Readme.markdown; sourceTree = "<group>"; };
		8AFB68AD13BB112A00CB1491 /* Neolog.xcdatamodel */ = {isa = PBXFileReference; fileEncoding = 4; lastKnownFileType = wrapper.xcdatamodel; path = Neolog.xcdatamodel; sourceTree = "<group>"; };
		8AFB68B113BB12C700CB1491 /* WordDesc.h */ = {isa = PBXFileReference; fileEncoding = 4; lastKnownFileType = sourcecode.c.h; name = WordDesc.h; path = ../WordDesc.h; sourceTree = "<group>"; };
		8AFB68B213BB12C700CB1491 /* WordDesc.m */ = {isa = PBXFileReference; fileEncoding = 4; lastKnownFileType = sourcecode.c.objc; name = WordDesc.m; path = ../WordDesc.m; sourceTree = "<group>"; };
		8AFB68B313BB12C700CB1491 /* WordDesc.xib */ = {isa = PBXFileReference; lastKnownFileType = file.xib; path = WordDesc.xib; sourceTree = "<group>"; };
		8AFB68F813BB19FB00CB1491 /* CurrentWord.h */ = {isa = PBXFileReference; fileEncoding = 4; lastKnownFileType = sourcecode.c.h; path = CurrentWord.h; sourceTree = "<group>"; };
		8AFB68F913BB19FB00CB1491 /* CurrentWord.m */ = {isa = PBXFileReference; fileEncoding = 4; lastKnownFileType = sourcecode.c.objc; path = CurrentWord.m; sourceTree = "<group>"; };
		8AFB6A0F13BB36C800CB1491 /* DBManagedObjectContext.h */ = {isa = PBXFileReference; fileEncoding = 4; lastKnownFileType = sourcecode.c.h; path = DBManagedObjectContext.h; sourceTree = "<group>"; };
		8AFB6A1013BB36C800CB1491 /* DBManagedObjectContext.m */ = {isa = PBXFileReference; fileEncoding = 4; lastKnownFileType = sourcecode.c.objc; path = DBManagedObjectContext.m; sourceTree = "<group>"; };
		8AFB6A1313BB373400CB1491 /* dbNest.h */ = {isa = PBXFileReference; fileEncoding = 4; lastKnownFileType = sourcecode.c.h; path = dbNest.h; sourceTree = "<group>"; };
		8AFB6A1413BB373400CB1491 /* dbNest.m */ = {isa = PBXFileReference; fileEncoding = 4; lastKnownFileType = sourcecode.c.objc; path = dbNest.m; sourceTree = "<group>"; };
		8AFB6A1513BB373400CB1491 /* dbAccountData.h */ = {isa = PBXFileReference; fileEncoding = 4; lastKnownFileType = sourcecode.c.h; path = dbAccountData.h; sourceTree = "<group>"; };
		8AFB6A1613BB373400CB1491 /* dbAccountData.m */ = {isa = PBXFileReference; fileEncoding = 4; lastKnownFileType = sourcecode.c.objc; path = dbAccountData.m; sourceTree = "<group>"; };
		8AFB6A4713BB3B7600CB1491 /* WebService.h */ = {isa = PBXFileReference; fileEncoding = 4; lastKnownFileType = sourcecode.c.h; path = WebService.h; sourceTree = "<group>"; };
		8AFB6A4813BB3B7600CB1491 /* WebService.m */ = {isa = PBXFileReference; fileEncoding = 4; lastKnownFileType = sourcecode.c.objc; path = WebService.m; sourceTree = "<group>"; };
		8AFB6A4A13BB3C1800CB1491 /* URLReader.h */ = {isa = PBXFileReference; fileEncoding = 4; lastKnownFileType = sourcecode.c.h; path = URLReader.h; sourceTree = "<group>"; };
		8AFB6A4B13BB3C1800CB1491 /* URLReader.m */ = {isa = PBXFileReference; fileEncoding = 4; lastKnownFileType = sourcecode.c.objc; path = URLReader.m; sourceTree = "<group>"; };
		8AFB6A6813BB3E0B00CB1491 /* Loading.h */ = {isa = PBXFileReference; fileEncoding = 4; lastKnownFileType = sourcecode.c.h; name = Loading.h; path = ../Loading.h; sourceTree = "<group>"; };
		8AFB6A6913BB3E0B00CB1491 /* Loading.m */ = {isa = PBXFileReference; fileEncoding = 4; lastKnownFileType = sourcecode.c.objc; name = Loading.m; path = ../Loading.m; sourceTree = "<group>"; };
		8AFB6A6A13BB3E0B00CB1491 /* Loading.xib */ = {isa = PBXFileReference; lastKnownFileType = file.xib; path = Loading.xib; sourceTree = "<group>"; };
		8AFB6A8213BB3EA800CB1491 /* logo.gif */ = {isa = PBXFileReference; lastKnownFileType = image.gif; path = logo.gif; sourceTree = "<group>"; };
		8AFB6ACC13BB465200CB1491 /* BlackAlertView.h */ = {isa = PBXFileReference; fileEncoding = 4; lastKnownFileType = sourcecode.c.h; path = BlackAlertView.h; sourceTree = "<group>"; };
		8AFB6ACD13BB465200CB1491 /* BlackAlertView.m */ = {isa = PBXFileReference; fileEncoding = 4; lastKnownFileType = sourcecode.c.objc; path = BlackAlertView.m; sourceTree = "<group>"; };
		8D1107310486CEB800E47090 /* Neolog-Info.plist */ = {isa = PBXFileReference; fileEncoding = 4; lastKnownFileType = text.plist.xml; path = "Neolog-Info.plist"; plistStructureDefinitionIdentifier = "com.apple.xcode.plist.structure-definition.iphone.info-plist"; sourceTree = "<group>"; };
/* End PBXFileReference section */

/* Begin PBXFrameworksBuildPhase section */
		1D60588F0D05DD3D006BFB54 /* Frameworks */ = {
			isa = PBXFrameworksBuildPhase;
			buildActionMask = 2147483647;
			files = (
				1D60589F0D05DD5A006BFB54 /* Foundation.framework in Frameworks */,
				1DF5F4E00D08C38300B7A737 /* UIKit.framework in Frameworks */,
				288765080DF74369002DB57D /* CoreGraphics.framework in Frameworks */,
				8AAA008B13BB09EC00CDC94C /* SystemConfiguration.framework in Frameworks */,
				8AAA009313BB0A1000CDC94C /* CoreData.framework in Frameworks */,
				8AAA009513BB0A1000CDC94C /* CoreLocation.framework in Frameworks */,
				8A3EA5A313EBF6D200B671B2 /* libOAuth.a in Frameworks */,
				8A3EA5FB13EBF81200B671B2 /* libxml2.2.dylib in Frameworks */,
			);
			runOnlyForDeploymentPostprocessing = 0;
		};
/* End PBXFrameworksBuildPhase section */

/* Begin PBXGroup section */
		080E96DDFE201D6D7F000001 /* Classes */ = {
			isa = PBXGroup;
			children = (
				8AAA003713BB071600CDC94C /* Utilities */,
				8A29D6BE13BC938F004B37BF /* Extended */,
				8AAA001713BB05ED00CDC94C /* Controllers */,
				1D3623240D0F684500981E51 /* NeologAppDelegate.h */,
				1D3623250D0F684500981E51 /* NeologAppDelegate.m */,
			);
			path = Classes;
			sourceTree = "<group>";
		};
		19C28FACFE9D520D11CA2CBB /* Products */ = {
			isa = PBXGroup;
			children = (
				1D6058910D05DD3D006BFB54 /* Neolog.app */,
			);
			name = Products;
			sourceTree = "<group>";
		};
		29B97314FDCFA39411CA2CEA /* Neolog */ = {
			isa = PBXGroup;
			children = (
				080E96DDFE201D6D7F000001 /* Classes */,
				29B97315FDCFA39411CA2CEA /* Other Sources */,
				29B97317FDCFA39411CA2CEA /* Resources */,
				8AAA001313BB057A00CDC94C /* PList */,
				29B97323FDCFA39411CA2CEA /* Frameworks */,
				19C28FACFE9D520D11CA2CBB /* Products */,
			);
			name = Neolog;
			sourceTree = "<group>";
		};
		29B97315FDCFA39411CA2CEA /* Other Sources */ = {
			isa = PBXGroup;
			children = (
				28A0AB4B0D9B1048005BE974 /* Neolog_Prefix.pch */,
				29B97316FDCFA39411CA2CEA /* main.m */,
			);
			name = "Other Sources";
			sourceTree = "<group>";
		};
		29B97317FDCFA39411CA2CEA /* Resources */ = {
			isa = PBXGroup;
			children = (
				8AAA00B113BB0A8300CDC94C /* Assets */,
				8A29D6B713BC936A004B37BF /* Extended */,
				8AAA001613BB05E400CDC94C /* Controllers */,
				28AD73870D9D96C1002E5188 /* MainWindow.xib */,
			);
			name = Resources;
			sourceTree = "<group>";
		};
		29B97323FDCFA39411CA2CEA /* Frameworks */ = {
			isa = PBXGroup;
			children = (
				1DF5F4DF0D08C38300B7A737 /* UIKit.framework */,
				1D30AB110D05D00D00671497 /* Foundation.framework */,
				288765070DF74369002DB57D /* CoreGraphics.framework */,
				8AAA008A13BB09EC00CDC94C /* SystemConfiguration.framework */,
				8AAA009213BB0A1000CDC94C /* CoreData.framework */,
				8AAA009413BB0A1000CDC94C /* CoreLocation.framework */,
				8A3EA5FA13EBF81200B671B2 /* libxml2.2.dylib */,
			);
			name = Frameworks;
			sourceTree = "<group>";
		};
		8A29D6B713BC936A004B37BF /* Extended */ = {
			isa = PBXGroup;
			children = (
				8A29D6B813BC9374004B37BF /* UI */,
			);
			name = Extended;
			sourceTree = "<group>";
		};
		8A29D6B813BC9374004B37BF /* UI */ = {
			isa = PBXGroup;
			children = (
				8A29D6BB13BC9383004B37BF /* CellWordComment.xib */,
			);
			name = UI;
			sourceTree = "<group>";
		};
		8A29D6BE13BC938F004B37BF /* Extended */ = {
			isa = PBXGroup;
			children = (
				8A29D6B913BC9383004B37BF /* CellWordComment.h */,
				8A29D6BA13BC9383004B37BF /* CellWordComment.m */,
			);
			name = Extended;
			sourceTree = "<group>";
		};
		8A29D9E213BCBBDE004B37BF /* Languages */ = {
			isa = PBXGroup;
			children = (
				8A29D9E513BCBBF0004B37BF /* Localizable.strings */,
			);
			name = Languages;
			sourceTree = "<group>";
		};
		8A3EA53313EBF64E00B671B2 /* Facebook */ = {
			isa = PBXGroup;
			children = (
				8A3EA53D13EBF6C300B671B2 /* FBConnect */,
				8A3EA53A13EBF66100B671B2 /* FBLoginButton.h */,
				8A3EA53B13EBF66100B671B2 /* FBLoginButton.m */,
			);
			name = Facebook;
			sourceTree = "<group>";
		};
		8A3EA53D13EBF6C300B671B2 /* FBConnect */ = {
			isa = PBXGroup;
			children = (
				8A3EA53E13EBF6C300B671B2 /* Facebook.h */,
				8A3EA53F13EBF6C300B671B2 /* Facebook.m */,
				8A3EA54013EBF6C300B671B2 /* FBConnect.h */,
				8A3EA54113EBF6C300B671B2 /* FBDialog.bundle */,
				8A3EA54213EBF6C300B671B2 /* FBDialog.h */,
				8A3EA54313EBF6C300B671B2 /* FBDialog.m */,
				8A3EA54413EBF6C300B671B2 /* FBLoginDialog.h */,
				8A3EA54513EBF6C300B671B2 /* FBLoginDialog.m */,
				8A3EA54613EBF6C300B671B2 /* FBRequest.h */,
				8A3EA54713EBF6C300B671B2 /* FBRequest.m */,
				8A3EA54813EBF6C300B671B2 /* JSON */,
			);
			path = FBConnect;
			sourceTree = SOURCE_ROOT;
		};
		8A3EA54813EBF6C300B671B2 /* JSON */ = {
			isa = PBXGroup;
			children = (
				8A3EA54913EBF6C300B671B2 /* JSON.h */,
				8A3EA54A13EBF6C300B671B2 /* NSObject+SBJSON.h */,
				8A3EA54B13EBF6C300B671B2 /* NSObject+SBJSON.m */,
				8A3EA54C13EBF6C300B671B2 /* NSString+SBJSON.h */,
				8A3EA54D13EBF6C300B671B2 /* NSString+SBJSON.m */,
				8A3EA54E13EBF6C300B671B2 /* SBJSON.h */,
				8A3EA54F13EBF6C300B671B2 /* SBJSON.m */,
				8A3EA55013EBF6C300B671B2 /* SBJsonBase.h */,
				8A3EA55113EBF6C300B671B2 /* SBJsonBase.m */,
				8A3EA55213EBF6C300B671B2 /* SBJsonParser.h */,
				8A3EA55313EBF6C300B671B2 /* SBJsonParser.m */,
				8A3EA55413EBF6C300B671B2 /* SBJsonWriter.h */,
				8A3EA55513EBF6C300B671B2 /* SBJsonWriter.m */,
			);
			path = JSON;
			sourceTree = "<group>";
		};
		8A3EA56513EBF6D200B671B2 /* Twitter+OAuth */ = {
			isa = PBXGroup;
			children = (
				8A3EA56613EBF6D200B671B2 /* Libraries & Headers */,
				8A3EA57A13EBF6D200B671B2 /* MGTwitterEngine */,
				8A3EA59B13EBF6D200B671B2 /* SAOAuthTwitterEngine */,
			);
			path = "Twitter+OAuth";
			sourceTree = SOURCE_ROOT;
		};
		8A3EA56613EBF6D200B671B2 /* Libraries & Headers */ = {
			isa = PBXGroup;
			children = (
				8A3EA56713EBF6D200B671B2 /* jQueryInject.txt */,
				8A3EA56813EBF6D200B671B2 /* jQueryInjectLandscape.txt */,
				8A3EA56913EBF6D200B671B2 /* libOAuth.a */,
				8A3EA56A13EBF6D200B671B2 /* OAuthConsumer */,
			);
			path = "Libraries & Headers";
			sourceTree = "<group>";
		};
		8A3EA56A13EBF6D200B671B2 /* OAuthConsumer */ = {
			isa = PBXGroup;
			children = (
				8A3EA56B13EBF6D200B671B2 /* NSMutableURLRequest+Parameters.h */,
				8A3EA56C13EBF6D200B671B2 /* NSString+URLEncoding.h */,
				8A3EA56D13EBF6D200B671B2 /* NSURL+Base.h */,
				8A3EA56E13EBF6D200B671B2 /* OAAsynchronousDataFetcher.h */,
				8A3EA56F13EBF6D200B671B2 /* OAConsumer.h */,
				8A3EA57013EBF6D200B671B2 /* OADataFetcher.h */,
				8A3EA57113EBF6D200B671B2 /* OAHMAC_SHA1SignatureProvider.h */,
				8A3EA57213EBF6D200B671B2 /* OAMutableURLRequest.h */,
				8A3EA57313EBF6D200B671B2 /* OAPlaintextSignatureProvider.h */,
				8A3EA57413EBF6D200B671B2 /* OARequestParameter.h */,
				8A3EA57513EBF6D200B671B2 /* OAServiceTicket.h */,
				8A3EA57613EBF6D200B671B2 /* OASignatureProviding.h */,
				8A3EA57713EBF6D200B671B2 /* OAToken.h */,
				8A3EA57813EBF6D200B671B2 /* OAToken_KeychainExtensions.h */,
				8A3EA57913EBF6D200B671B2 /* OAuthConsumer.h */,
			);
			path = OAuthConsumer;
			sourceTree = "<group>";
		};
		8A3EA57A13EBF6D200B671B2 /* MGTwitterEngine */ = {
			isa = PBXGroup;
			children = (
				8A3EA57B13EBF6D200B671B2 /* MGTwitterEngine.h */,
				8A3EA57C13EBF6D200B671B2 /* MGTwitterEngine.m */,
				8A3EA57D13EBF6D200B671B2 /* MGTwitterEngineDelegate.h */,
				8A3EA57E13EBF6D200B671B2 /* MGTwitterEngineGlobalHeader.h */,
				8A3EA57F13EBF6D200B671B2 /* MGTwitterHTTPURLConnection.h */,
				8A3EA58013EBF6D200B671B2 /* MGTwitterHTTPURLConnection.m */,
				8A3EA58113EBF6D200B671B2 /* MGTwitterLibXMLParser.h */,
				8A3EA58213EBF6D200B671B2 /* MGTwitterLibXMLParser.m */,
				8A3EA58313EBF6D200B671B2 /* MGTwitterMessagesLibXMLParser.h */,
				8A3EA58413EBF6D200B671B2 /* MGTwitterMessagesLibXMLParser.m */,
				8A3EA58513EBF6D200B671B2 /* MGTwitterMessagesParser.h */,
				8A3EA58613EBF6D200B671B2 /* MGTwitterMessagesParser.m */,
				8A3EA58713EBF6D200B671B2 /* MGTwitterMiscLibXMLParser.h */,
				8A3EA58813EBF6D200B671B2 /* MGTwitterMiscLibXMLParser.m */,
				8A3EA58913EBF6D200B671B2 /* MGTwitterMiscParser.h */,
				8A3EA58A13EBF6D200B671B2 /* MGTwitterMiscParser.m */,
				8A3EA58B13EBF6D200B671B2 /* MGTwitterParserDelegate.h */,
				8A3EA58C13EBF6D200B671B2 /* MGTwitterRequestTypes.h */,
				8A3EA58D13EBF6D200B671B2 /* MGTwitterStatusesLibXMLParser.h */,
				8A3EA58E13EBF6D200B671B2 /* MGTwitterStatusesLibXMLParser.m */,
				8A3EA58F13EBF6D200B671B2 /* MGTwitterStatusesParser.h */,
				8A3EA59013EBF6D200B671B2 /* MGTwitterStatusesParser.m */,
				8A3EA59113EBF6D200B671B2 /* MGTwitterUsersLibXMLParser.h */,
				8A3EA59213EBF6D200B671B2 /* MGTwitterUsersLibXMLParser.m */,
				8A3EA59313EBF6D200B671B2 /* MGTwitterUsersParser.h */,
				8A3EA59413EBF6D200B671B2 /* MGTwitterUsersParser.m */,
				8A3EA59513EBF6D200B671B2 /* MGTwitterXMLParser.h */,
				8A3EA59613EBF6D200B671B2 /* MGTwitterXMLParser.m */,
				8A3EA59713EBF6D200B671B2 /* NSData+Base64.h */,
				8A3EA59813EBF6D200B671B2 /* NSData+Base64.m */,
				8A3EA59913EBF6D200B671B2 /* NSString+UUID.h */,
				8A3EA59A13EBF6D200B671B2 /* NSString+UUID.m */,
			);
			path = MGTwitterEngine;
			sourceTree = "<group>";
		};
		8A3EA59B13EBF6D200B671B2 /* SAOAuthTwitterEngine */ = {
			isa = PBXGroup;
			children = (
				8A3EA59C13EBF6D200B671B2 /* SA_OAuthTwitterController.h */,
				8A3EA59D13EBF6D200B671B2 /* SA_OAuthTwitterController.m */,
				8A3EA59E13EBF6D200B671B2 /* SA_OAuthTwitterEngine.h */,
				8A3EA59F13EBF6D200B671B2 /* SA_OAuthTwitterEngine.m */,
				8A3EA5A013EBF6D200B671B2 /* twitter_load.png */,
			);
			path = SAOAuthTwitterEngine;
			sourceTree = "<group>";
		};
		8AAA001313BB057A00CDC94C /* PList */ = {
			isa = PBXGroup;
			children = (
				8D1107310486CEB800E47090 /* Neolog-Info.plist */,
			);
			name = PList;
			sourceTree = "<group>";
		};
		8AAA001613BB05E400CDC94C /* Controllers */ = {
			isa = PBXGroup;
			children = (
				8AFB6A6713BB3E0200CB1491 /* Loading */,
				8AAA002F13BB06D100CDC94C /* Words */,
				8AAA003013BB06D600CDC94C /* SendWord */,
				8AAA003113BB06DB00CDC94C /* Misc */,
			);
			name = Controllers;
			sourceTree = "<group>";
		};
		8AAA001713BB05ED00CDC94C /* Controllers */ = {
			isa = PBXGroup;
			children = (
				8AFB6A6113BB3DF500CB1491 /* Loading */,
				8AAA003413BB06EF00CDC94C /* Words */,
				8AAA003313BB06EA00CDC94C /* SendWord */,
				8AAA003213BB06E500CDC94C /* Misc */,
			);
			name = Controllers;
			sourceTree = "<group>";
		};
		8AAA002F13BB06D100CDC94C /* Words */ = {
			isa = PBXGroup;
			children = (
				8AAA00A913BB0A6300CDC94C /* LettersAndNests.xib */,
				8A29D44C13BC6764004B37BF /* Words.xib */,
				8A29D4F013BC7728004B37BF /* WordDetails.xib */,
				8A29D63613BC8B0A004B37BF /* WordComments.xib */,
				8A29D7D613BCA4AB004B37BF /* WordSendComment.xib */,
			);
			name = Words;
			sourceTree = "<group>";
		};
		8AAA003013BB06D600CDC94C /* SendWord */ = {
			isa = PBXGroup;
			children = (
				8AAA00AE13BB0A7400CDC94C /* SendWord.xib */,
				8AFB68B313BB12C700CB1491 /* WordDesc.xib */,
			);
			name = SendWord;
			sourceTree = "<group>";
		};
		8AAA003113BB06DB00CDC94C /* Misc */ = {
			isa = PBXGroup;
			children = (
				8AAA002513BB068000CDC94C /* Settings.xib */,
				8AAA002013BB064B00CDC94C /* About.xib */,
			);
			name = Misc;
			sourceTree = "<group>";
		};
		8AAA003213BB06E500CDC94C /* Misc */ = {
			isa = PBXGroup;
			children = (
				8AAA002313BB068000CDC94C /* Settings.h */,
				8AAA002413BB068000CDC94C /* Settings.m */,
				8AAA001E13BB064B00CDC94C /* About.h */,
				8AAA001F13BB064B00CDC94C /* About.m */,
			);
			name = Misc;
			sourceTree = "<group>";
		};
		8AAA003313BB06EA00CDC94C /* SendWord */ = {
			isa = PBXGroup;
			children = (
				8AAA00AC13BB0A7400CDC94C /* SendWord.h */,
				8AAA00AD13BB0A7400CDC94C /* SendWord.m */,
				8AFB68B113BB12C700CB1491 /* WordDesc.h */,
				8AFB68B213BB12C700CB1491 /* WordDesc.m */,
			);
			name = SendWord;
			sourceTree = "<group>";
		};
		8AAA003413BB06EF00CDC94C /* Words */ = {
			isa = PBXGroup;
			children = (
				8AAA00A713BB0A6300CDC94C /* LettersAndNests.h */,
				8AAA00A813BB0A6300CDC94C /* LettersAndNests.m */,
				8A29D44A13BC6764004B37BF /* Words.h */,
				8A29D44B13BC6764004B37BF /* Words.m */,
				8A29D4EE13BC7728004B37BF /* WordDetails.h */,
				8A29D4EF13BC7728004B37BF /* WordDetails.m */,
				8A29D63413BC8B0A004B37BF /* WordComments.h */,
				8A29D63513BC8B0A004B37BF /* WordComments.m */,
				8A29D7D413BCA4AB004B37BF /* WordSendComment.h */,
				8A29D7D513BCA4AB004B37BF /* WordSendComment.m */,
			);
			name = Words;
			sourceTree = "<group>";
		};
		8AAA003713BB071600CDC94C /* Utilities */ = {
			isa = PBXGroup;
			children = (
				8AE9DCE013EBECAD00F12EB2 /* SocialNetworks */,
				8AFB6ACB13BB464800CB1491 /* UI */,
				8AFB6A4613BB3B6600CB1491 /* Services */,
				8AFB68F713BB19EC00CB1491 /* Data */,
				8AAA004813BB08D400CDC94C /* NET */,
				8AAA003A13BB072E00CDC94C /* SynthesizeSingleton.h */,
				8AAA003B13BB073A00CDC94C /* nlSettings.h */,
				8AAA003C13BB073A00CDC94C /* nlSettings.m */,
			);
			name = Utilities;
			sourceTree = "<group>";
		};
		8AAA004813BB08D400CDC94C /* NET */ = {
			isa = PBXGroup;
			children = (
				8AFB6A4A13BB3C1800CB1491 /* URLReader.h */,
				8AFB6A4B13BB3C1800CB1491 /* URLReader.m */,
				8AAA004913BB08DD00CDC94C /* Reachability.h */,
				8AAA004A13BB08DD00CDC94C /* Reachability.m */,
			);
			name = NET;
			sourceTree = "<group>";
		};
		8AAA00B113BB0A8300CDC94C /* Assets */ = {
			isa = PBXGroup;
			children = (
				8A29D9E213BCBBDE004B37BF /* Languages */,
				8AFB68AC13BB111700CB1491 /* Database */,
				8AAA00B213BB0A8700CDC94C /* Images */,
				8AC62BDA13BCC43F0049A5C6 /* Readme.markdown */,
			);
			name = Assets;
			sourceTree = "<group>";
		};
		8AAA00B213BB0A8700CDC94C /* Images */ = {
			isa = PBXGroup;
			children = (
				8AFB6A8113BB3E9500CB1491 /* Tabbar */,
				8AFB6A8213BB3EA800CB1491 /* logo.gif */,
				8A87E07E13BB6D0000BA16C9 /* gaz.png */,
				8A29D58413BC7B73004B37BF /* Icon.png */,
				8A29D58513BC7B73004B37BF /* Icon@2x.png */,
			);
			name = Images;
			sourceTree = "<group>";
		};
		8AE9DCE013EBECAD00F12EB2 /* SocialNetworks */ = {
			isa = PBXGroup;
			children = (
				8A3EA53313EBF64E00B671B2 /* Facebook */,
				8A3EA56513EBF6D200B671B2 /* Twitter+OAuth */,
			);
			name = SocialNetworks;
			sourceTree = "<group>";
		};
		8AFB68AC13BB111700CB1491 /* Database */ = {
			isa = PBXGroup;
			children = (
				8AFB68AD13BB112A00CB1491 /* Neolog.xcdatamodel */,
			);
			name = Database;
			sourceTree = "<group>";
		};
		8AFB68F713BB19EC00CB1491 /* Data */ = {
			isa = PBXGroup;
			children = (
				8AFB6A0E13BB36B900CB1491 /* DB */,
				8AFB68F813BB19FB00CB1491 /* CurrentWord.h */,
				8AFB68F913BB19FB00CB1491 /* CurrentWord.m */,
			);
			name = Data;
			sourceTree = "<group>";
		};
		8AFB6A0E13BB36B900CB1491 /* DB */ = {
			isa = PBXGroup;
			children = (
				8AFB6A1213BB372400CB1491 /* Entities */,
				8AFB6A0F13BB36C800CB1491 /* DBManagedObjectContext.h */,
				8AFB6A1013BB36C800CB1491 /* DBManagedObjectContext.m */,
			);
			name = DB;
			sourceTree = "<group>";
		};
		8AFB6A1213BB372400CB1491 /* Entities */ = {
			isa = PBXGroup;
			children = (
				8AFB6A1313BB373400CB1491 /* dbNest.h */,
				8AFB6A1413BB373400CB1491 /* dbNest.m */,
				8AFB6A1513BB373400CB1491 /* dbAccountData.h */,
				8AFB6A1613BB373400CB1491 /* dbAccountData.m */,
				8A87E17013BC4AF200BA16C9 /* dbStaticContent.h */,
				8A87E17113BC4AF200BA16C9 /* dbStaticContent.m */,
				8A29D47813BC6DED004B37BF /* dbWord.h */,
				8A29D47913BC6DED004B37BF /* dbWord.m */,
				8A29D5D013BC82DE004B37BF /* dbWordComment.h */,
				8A29D5D113BC82DE004B37BF /* dbWordComment.m */,
				8A29D97313BCB54E004B37BF /* dbSetting.h */,
				8A29D97413BCB54E004B37BF /* dbSetting.m */,
			);
			name = Entities;
			sourceTree = "<group>";
		};
		8AFB6A4613BB3B6600CB1491 /* Services */ = {
			isa = PBXGroup;
			children = (
				8AFB6A4713BB3B7600CB1491 /* WebService.h */,
				8AFB6A4813BB3B7600CB1491 /* WebService.m */,
			);
			name = Services;
			sourceTree = "<group>";
		};
		8AFB6A6113BB3DF500CB1491 /* Loading */ = {
			isa = PBXGroup;
			children = (
				8AFB6A6813BB3E0B00CB1491 /* Loading.h */,
				8AFB6A6913BB3E0B00CB1491 /* Loading.m */,
			);
			name = Loading;
			sourceTree = "<group>";
		};
		8AFB6A6713BB3E0200CB1491 /* Loading */ = {
			isa = PBXGroup;
			children = (
				8AFB6A6A13BB3E0B00CB1491 /* Loading.xib */,
			);
			name = Loading;
			sourceTree = "<group>";
		};
		8AFB6A8113BB3E9500CB1491 /* Tabbar */ = {
			isa = PBXGroup;
			children = (
				8AAA00C513BB0AA800CDC94C /* tb-words.png */,
				8AAA00C713BB0AB400CDC94C /* tb-sendword.png */,
				8AAA00C913BB0AC100CDC94C /* tb-settings.png */,
			);
			name = Tabbar;
			sourceTree = "<group>";
		};
		8AFB6ACB13BB464800CB1491 /* UI */ = {
			isa = PBXGroup;
			children = (
				8AFB6ACC13BB465200CB1491 /* BlackAlertView.h */,
				8AFB6ACD13BB465200CB1491 /* BlackAlertView.m */,
			);
			name = UI;
			sourceTree = "<group>";
		};
/* End PBXGroup section */

/* Begin PBXNativeTarget section */
		1D6058900D05DD3D006BFB54 /* Neolog */ = {
			isa = PBXNativeTarget;
			buildConfigurationList = 1D6058960D05DD3E006BFB54 /* Build configuration list for PBXNativeTarget "Neolog" */;
			buildPhases = (
				1D60588D0D05DD3D006BFB54 /* Resources */,
				1D60588E0D05DD3D006BFB54 /* Sources */,
				1D60588F0D05DD3D006BFB54 /* Frameworks */,
			);
			buildRules = (
			);
			dependencies = (
			);
			name = Neolog;
			productName = Neolog;
			productReference = 1D6058910D05DD3D006BFB54 /* Neolog.app */;
			productType = "com.apple.product-type.application";
		};
/* End PBXNativeTarget section */

/* Begin PBXProject section */
		29B97313FDCFA39411CA2CEA /* Project object */ = {
			isa = PBXProject;
			attributes = {
				LastUpgradeCheck = 0410;
				ORGANIZATIONNAME = neolog.bg;
			};
			buildConfigurationList = C01FCF4E08A954540054247B /* Build configuration list for PBXProject "Neolog" */;
			compatibilityVersion = "Xcode 3.2";
			developmentRegion = English;
			hasScannedForEncodings = 1;
			knownRegions = (
				English,
				Japanese,
				French,
				German,
				Bulgarian,
			);
			mainGroup = 29B97314FDCFA39411CA2CEA /* Neolog */;
			projectDirPath = "";
			projectRoot = "";
			targets = (
				1D6058900D05DD3D006BFB54 /* Neolog */,
			);
		};
/* End PBXProject section */

/* Begin PBXResourcesBuildPhase section */
		1D60588D0D05DD3D006BFB54 /* Resources */ = {
			isa = PBXResourcesBuildPhase;
			buildActionMask = 2147483647;
			files = (
				28AD73880D9D96C1002E5188 /* MainWindow.xib in Resources */,
				8AAA002213BB064B00CDC94C /* About.xib in Resources */,
				8AAA002713BB068000CDC94C /* Settings.xib in Resources */,
				8AAA00AB13BB0A6300CDC94C /* LettersAndNests.xib in Resources */,
				8AAA00B013BB0A7400CDC94C /* SendWord.xib in Resources */,
				8AAA00C613BB0AA800CDC94C /* tb-words.png in Resources */,
				8AAA00C813BB0AB400CDC94C /* tb-sendword.png in Resources */,
				8AAA00CA13BB0AC100CDC94C /* tb-settings.png in Resources */,
				8AFB68B513BB12C700CB1491 /* WordDesc.xib in Resources */,
				8AFB6A6C13BB3E0B00CB1491 /* Loading.xib in Resources */,
				8AFB6A8313BB3EA800CB1491 /* logo.gif in Resources */,
				8A87E07F13BB6D0000BA16C9 /* gaz.png in Resources */,
				8A29D44E13BC6764004B37BF /* Words.xib in Resources */,
				8A29D4F213BC7728004B37BF /* WordDetails.xib in Resources */,
				8A29D58613BC7B73004B37BF /* Icon.png in Resources */,
				8A29D58713BC7B73004B37BF /* Icon@2x.png in Resources */,
				8A29D63813BC8B0A004B37BF /* WordComments.xib in Resources */,
				8A29D6BD13BC9383004B37BF /* CellWordComment.xib in Resources */,
				8A29D7D813BCA4AB004B37BF /* WordSendComment.xib in Resources */,
				8A29D9E613BCBBF0004B37BF /* Localizable.strings in Resources */,
				8A3EA55713EBF6C300B671B2 /* FBDialog.bundle in Resources */,
				8A3EA5A113EBF6D200B671B2 /* jQueryInject.txt in Resources */,
				8A3EA5A213EBF6D200B671B2 /* jQueryInjectLandscape.txt in Resources */,
				8A3EA5B413EBF6D200B671B2 /* twitter_load.png in Resources */,
			);
			runOnlyForDeploymentPostprocessing = 0;
		};
/* End PBXResourcesBuildPhase section */

/* Begin PBXSourcesBuildPhase section */
		1D60588E0D05DD3D006BFB54 /* Sources */ = {
			isa = PBXSourcesBuildPhase;
			buildActionMask = 2147483647;
			files = (
				1D60589B0D05DD56006BFB54 /* main.m in Sources */,
				1D3623260D0F684500981E51 /* NeologAppDelegate.m in Sources */,
				8AAA002113BB064B00CDC94C /* About.m in Sources */,
				8AAA002613BB068000CDC94C /* Settings.m in Sources */,
				8AAA003D13BB073A00CDC94C /* nlSettings.m in Sources */,
				8AAA004B13BB08DD00CDC94C /* Reachability.m in Sources */,
				8AAA00AA13BB0A6300CDC94C /* LettersAndNests.m in Sources */,
				8AAA00AF13BB0A7400CDC94C /* SendWord.m in Sources */,
				8AFB68AE13BB112A00CB1491 /* Neolog.xcdatamodel in Sources */,
				8AFB68B413BB12C700CB1491 /* WordDesc.m in Sources */,
				8AFB68FA13BB19FB00CB1491 /* CurrentWord.m in Sources */,
				8AFB6A1113BB36C800CB1491 /* DBManagedObjectContext.m in Sources */,
				8AFB6A1713BB373400CB1491 /* dbNest.m in Sources */,
				8AFB6A1813BB373400CB1491 /* dbAccountData.m in Sources */,
				8AFB6A4913BB3B7600CB1491 /* WebService.m in Sources */,
				8AFB6A4C13BB3C1800CB1491 /* URLReader.m in Sources */,
				8AFB6A6B13BB3E0B00CB1491 /* Loading.m in Sources */,
				8AFB6ACE13BB465200CB1491 /* BlackAlertView.m in Sources */,
				8A87E17213BC4AF200BA16C9 /* dbStaticContent.m in Sources */,
				8A29D44D13BC6764004B37BF /* Words.m in Sources */,
				8A29D47A13BC6DED004B37BF /* dbWord.m in Sources */,
				8A29D4F113BC7728004B37BF /* WordDetails.m in Sources */,
				8A29D5D213BC82DE004B37BF /* dbWordComment.m in Sources */,
				8A29D63713BC8B0A004B37BF /* WordComments.m in Sources */,
				8A29D6BC13BC9383004B37BF /* CellWordComment.m in Sources */,
				8A29D7D713BCA4AB004B37BF /* WordSendComment.m in Sources */,
				8A29D97513BCB54E004B37BF /* dbSetting.m in Sources */,
				8A3EA53C13EBF66100B671B2 /* FBLoginButton.m in Sources */,
				8A3EA55613EBF6C300B671B2 /* Facebook.m in Sources */,
				8A3EA55813EBF6C300B671B2 /* FBDialog.m in Sources */,
				8A3EA55913EBF6C300B671B2 /* FBLoginDialog.m in Sources */,
				8A3EA55A13EBF6C300B671B2 /* FBRequest.m in Sources */,
				8A3EA55B13EBF6C300B671B2 /* NSObject+SBJSON.m in Sources */,
				8A3EA55C13EBF6C300B671B2 /* NSString+SBJSON.m in Sources */,
				8A3EA55D13EBF6C300B671B2 /* SBJSON.m in Sources */,
				8A3EA55E13EBF6C300B671B2 /* SBJsonBase.m in Sources */,
				8A3EA55F13EBF6C300B671B2 /* SBJsonParser.m in Sources */,
				8A3EA56013EBF6C300B671B2 /* SBJsonWriter.m in Sources */,
				8A3EA5A413EBF6D200B671B2 /* MGTwitterEngine.m in Sources */,
				8A3EA5A513EBF6D200B671B2 /* MGTwitterHTTPURLConnection.m in Sources */,
				8A3EA5A613EBF6D200B671B2 /* MGTwitterLibXMLParser.m in Sources */,
				8A3EA5A713EBF6D200B671B2 /* MGTwitterMessagesLibXMLParser.m in Sources */,
				8A3EA5A813EBF6D200B671B2 /* MGTwitterMessagesParser.m in Sources */,
				8A3EA5A913EBF6D200B671B2 /* MGTwitterMiscLibXMLParser.m in Sources */,
				8A3EA5AA13EBF6D200B671B2 /* MGTwitterMiscParser.m in Sources */,
				8A3EA5AB13EBF6D200B671B2 /* MGTwitterStatusesLibXMLParser.m in Sources */,
				8A3EA5AC13EBF6D200B671B2 /* MGTwitterStatusesParser.m in Sources */,
				8A3EA5AD13EBF6D200B671B2 /* MGTwitterUsersLibXMLParser.m in Sources */,
				8A3EA5AE13EBF6D200B671B2 /* MGTwitterUsersParser.m in Sources */,
				8A3EA5AF13EBF6D200B671B2 /* MGTwitterXMLParser.m in Sources */,
				8A3EA5B013EBF6D200B671B2 /* NSData+Base64.m in Sources */,
				8A3EA5B113EBF6D200B671B2 /* NSString+UUID.m in Sources */,
				8A3EA5B213EBF6D200B671B2 /* SA_OAuthTwitterController.m in Sources */,
				8A3EA5B313EBF6D200B671B2 /* SA_OAuthTwitterEngine.m in Sources */,
			);
			runOnlyForDeploymentPostprocessing = 0;
		};
/* End PBXSourcesBuildPhase section */

/* Begin PBXVariantGroup section */
		8A29D9E513BCBBF0004B37BF /* Localizable.strings */ = {
			isa = PBXVariantGroup;
			children = (
				8A29D9E313BCBBEC004B37BF /* English */,
			);
			name = Localizable.strings;
			sourceTree = "<group>";
		};
/* End PBXVariantGroup section */

/* Begin XCBuildConfiguration section */
		1D6058940D05DD3E006BFB54 /* Debug */ = {
			isa = XCBuildConfiguration;
			buildSettings = {
				ALWAYS_SEARCH_USER_PATHS = NO;
				CODE_SIGN_IDENTITY = "iPhone Developer: SERGEY PETROV (J2EY2ENVV4)";
				COPY_PHASE_STRIP = NO;
				GCC_DYNAMIC_NO_PIC = NO;
				GCC_OPTIMIZATION_LEVEL = s;
				GCC_PRECOMPILE_PREFIX_HEADER = YES;
				GCC_PREFIX_HEADER = Neolog_Prefix.pch;
				GCC_VERSION = com.apple.compilers.llvmgcc42;
				HEADER_SEARCH_PATHS = "$(SDKROOT)/usr/include/libxml2/**";
				INFOPLIST_FILE = "Neolog-Info.plist";
				LIBRARY_SEARCH_PATHS = (
					"$(inherited)",
					"\"$(SRCROOT)/Twitter+OAuth/Libraries & Headers\"",
					"\"$(SRCROOT)\"",
				);
				PRODUCT_NAME = Neolog;
				PROVISIONING_PROFILE = "F7C69BBA-3FA6-4FD0-8624-30156F3F1C4B";
			};
			name = Debug;
		};
		1D6058950D05DD3E006BFB54 /* Release */ = {
			isa = XCBuildConfiguration;
			buildSettings = {
				ALWAYS_SEARCH_USER_PATHS = NO;
				CODE_SIGN_IDENTITY = "iPhone Developer: SERGEY PETROV (J2EY2ENVV4)";
				COPY_PHASE_STRIP = YES;
				GCC_OPTIMIZATION_LEVEL = s;
				GCC_PRECOMPILE_PREFIX_HEADER = YES;
				GCC_PREFIX_HEADER = Neolog_Prefix.pch;
				INFOPLIST_FILE = "Neolog-Info.plist";
				LIBRARY_SEARCH_PATHS = (
					"$(inherited)",
					"\"$(SRCROOT)/Twitter+OAuth/Libraries & Headers\"",
					"\"$(SRCROOT)\"",
				);
				PRODUCT_NAME = Neolog;
				PROVISIONING_PROFILE = "F7C69BBA-3FA6-4FD0-8624-30156F3F1C4B";
				VALIDATE_PRODUCT = YES;
			};
			name = Release;
		};
		C01FCF4F08A954540054247B /* Debug */ = {
			isa = XCBuildConfiguration;
			buildSettings = {
				ALWAYS_SEARCH_USER_PATHS = NO;
				ARCHS = "$(ARCHS_STANDARD_32_BIT)";
				"CODE_SIGN_IDENTITY[sdk=iphoneos*]" = "iPhone Developer";
				GCC_C_LANGUAGE_STANDARD = c99;
				GCC_VERSION = com.apple.compilers.llvmgcc42;
				GCC_WARN_ABOUT_RETURN_TYPE = YES;
				GCC_WARN_UNUSED_VARIABLE = YES;
				HEADER_SEARCH_PATHS = "$(SDKROOT)/usr/include/libxml2/**";
				LIBRARY_SEARCH_PATHS = (
					"\"$(SRCROOT)\"",
					"\"$(SRCROOT)/Twitter+OAuth/Libraries & Headers\"",
					"$(inherited)",
				);
				SDKROOT = iphoneos;
			};
			name = Debug;
		};
		C01FCF5008A954540054247B /* Release */ = {
			isa = XCBuildConfiguration;
			buildSettings = {
				ALWAYS_SEARCH_USER_PATHS = NO;
				ARCHS = "$(ARCHS_STANDARD_32_BIT)";
				"CODE_SIGN_IDENTITY[sdk=iphoneos*]" = "iPhone Developer";
				GCC_C_LANGUAGE_STANDARD = c99;
				GCC_VERSION = com.apple.compilers.llvmgcc42;
				GCC_WARN_ABOUT_RETURN_TYPE = YES;
				GCC_WARN_UNUSED_VARIABLE = YES;
				HEADER_SEARCH_PATHS = "$(SDKROOT)/usr/include/libxml2/**";
				LIBRARY_SEARCH_PATHS = (
					"\"$(SRCROOT)\"",
					"\"$(SRCROOT)/Twitter+OAuth/Libraries & Headers\"",
					"$(inherited)",
				);
				ONLY_ACTIVE_ARCH = YES;
				OTHER_CFLAGS = "-DNS_BLOCK_ASSERTIONS=1";
				SDKROOT = iphoneos;
			};
			name = Release;
		};
/* End XCBuildConfiguration section */

/* Begin XCConfigurationList section */
		1D6058960D05DD3E006BFB54 /* Build configuration list for PBXNativeTarget "Neolog" */ = {
			isa = XCConfigurationList;
			buildConfigurations = (
				1D6058940D05DD3E006BFB54 /* Debug */,
				1D6058950D05DD3E006BFB54 /* Release */,
			);
			defaultConfigurationIsVisible = 0;
			defaultConfigurationName = Release;
		};
		C01FCF4E08A954540054247B /* Build configuration list for PBXProject "Neolog" */ = {
			isa = XCConfigurationList;
			buildConfigurations = (
				C01FCF4F08A954540054247B /* Debug */,
				C01FCF5008A954540054247B /* Release */,
			);
			defaultConfigurationIsVisible = 0;
			defaultConfigurationName = Release;
		};
/* End XCConfigurationList section */
	};
	rootObject = 29B97313FDCFA39411CA2CEA /* Project object */;
}
