// !$*UTF8*$!
{
	archiveVersion = 1;
	classes = {
	};
	objectVersion = 46;
	objects = {

/* Begin PBXBuildFile section */
		8A261FC014331F7A007D43F2 /* MainWindow.xib in Resources */ = {isa = PBXBuildFile; fileRef = 28AD73870D9D96C1002E5188 /* MainWindow.xib */; };
		8A261FC114331F7A007D43F2 /* About.xib in Resources */ = {isa = PBXBuildFile; fileRef = 8AAA002013BB064B00CDC94C /* About.xib */; };
		8A261FC214331F7A007D43F2 /* Settings.xib in Resources */ = {isa = PBXBuildFile; fileRef = 8AAA002513BB068000CDC94C /* Settings.xib */; };
		8A261FC314331F7A007D43F2 /* LettersAndNests.xib in Resources */ = {isa = PBXBuildFile; fileRef = 8AAA00A913BB0A6300CDC94C /* LettersAndNests.xib */; };
		8A261FC414331F7A007D43F2 /* SendWord.xib in Resources */ = {isa = PBXBuildFile; fileRef = 8AAA00AE13BB0A7400CDC94C /* SendWord.xib */; };
		8A261FC514331F7A007D43F2 /* tb-words.png in Resources */ = {isa = PBXBuildFile; fileRef = 8AAA00C513BB0AA800CDC94C /* tb-words.png */; };
		8A261FC614331F7A007D43F2 /* tb-sendword.png in Resources */ = {isa = PBXBuildFile; fileRef = 8AAA00C713BB0AB400CDC94C /* tb-sendword.png */; };
		8A261FC714331F7A007D43F2 /* tb-settings.png in Resources */ = {isa = PBXBuildFile; fileRef = 8AAA00C913BB0AC100CDC94C /* tb-settings.png */; };
		8A261FC814331F7A007D43F2 /* WordDesc.xib in Resources */ = {isa = PBXBuildFile; fileRef = 8AFB68B313BB12C700CB1491 /* WordDesc.xib */; };
		8A261FC914331F7A007D43F2 /* Loading.xib in Resources */ = {isa = PBXBuildFile; fileRef = 8AFB6A6A13BB3E0B00CB1491 /* Loading.xib */; };
		8A261FCA14331F7A007D43F2 /* logo.gif in Resources */ = {isa = PBXBuildFile; fileRef = 8AFB6A8213BB3EA800CB1491 /* logo.gif */; };
		8A261FCB14331F7A007D43F2 /* gaz.png in Resources */ = {isa = PBXBuildFile; fileRef = 8A87E07E13BB6D0000BA16C9 /* gaz.png */; };
		8A261FCC14331F7A007D43F2 /* Words.xib in Resources */ = {isa = PBXBuildFile; fileRef = 8A29D44C13BC6764004B37BF /* Words.xib */; };
		8A261FCD14331F7A007D43F2 /* WordDetails.xib in Resources */ = {isa = PBXBuildFile; fileRef = 8A29D4F013BC7728004B37BF /* WordDetails.xib */; };
		8A261FD014331F7A007D43F2 /* WordComments.xib in Resources */ = {isa = PBXBuildFile; fileRef = 8A29D63613BC8B0A004B37BF /* WordComments.xib */; };
		8A261FD114331F7A007D43F2 /* CellWordComment.xib in Resources */ = {isa = PBXBuildFile; fileRef = 8A29D6BB13BC9383004B37BF /* CellWordComment.xib */; };
		8A261FD214331F7A007D43F2 /* WordSendComment.xib in Resources */ = {isa = PBXBuildFile; fileRef = 8A29D7D613BCA4AB004B37BF /* WordSendComment.xib */; };
		8A261FD914331F7A007D43F2 /* main.m in Sources */ = {isa = PBXBuildFile; fileRef = 29B97316FDCFA39411CA2CEA /* main.m */; };
		8A261FDA14331F7A007D43F2 /* NeologAppDelegate.m in Sources */ = {isa = PBXBuildFile; fileRef = 1D3623250D0F684500981E51 /* NeologAppDelegate.m */; };
		8A261FDB14331F7A007D43F2 /* About.m in Sources */ = {isa = PBXBuildFile; fileRef = 8AAA001F13BB064B00CDC94C /* About.m */; };
		8A261FDC14331F7A007D43F2 /* Settings.m in Sources */ = {isa = PBXBuildFile; fileRef = 8AAA002413BB068000CDC94C /* Settings.m */; };
		8A261FDD14331F7A007D43F2 /* nlSettings.m in Sources */ = {isa = PBXBuildFile; fileRef = 8AAA003C13BB073A00CDC94C /* nlSettings.m */; };
		8A261FDE14331F7A007D43F2 /* Reachability.m in Sources */ = {isa = PBXBuildFile; fileRef = 8AAA004A13BB08DD00CDC94C /* Reachability.m */; };
		8A261FDF14331F7A007D43F2 /* LettersAndNests.m in Sources */ = {isa = PBXBuildFile; fileRef = 8AAA00A813BB0A6300CDC94C /* LettersAndNests.m */; };
		8A261FE014331F7A007D43F2 /* SendWord.m in Sources */ = {isa = PBXBuildFile; fileRef = 8AAA00AD13BB0A7400CDC94C /* SendWord.m */; };
		8A261FE114331F7A007D43F2 /* Neolog.xcdatamodel in Sources */ = {isa = PBXBuildFile; fileRef = 8AFB68AD13BB112A00CB1491 /* Neolog.xcdatamodel */; };
		8A261FE214331F7A007D43F2 /* WordDesc.m in Sources */ = {isa = PBXBuildFile; fileRef = 8AFB68B213BB12C700CB1491 /* WordDesc.m */; };
		8A261FE314331F7A007D43F2 /* CurrentWord.m in Sources */ = {isa = PBXBuildFile; fileRef = 8AFB68F913BB19FB00CB1491 /* CurrentWord.m */; };
		8A261FE414331F7A007D43F2 /* DBManagedObjectContext.m in Sources */ = {isa = PBXBuildFile; fileRef = 8AFB6A1013BB36C800CB1491 /* DBManagedObjectContext.m */; };
		8A261FE514331F7A007D43F2 /* dbNest.m in Sources */ = {isa = PBXBuildFile; fileRef = 8AFB6A1413BB373400CB1491 /* dbNest.m */; };
		8A261FE614331F7A007D43F2 /* dbAccountData.m in Sources */ = {isa = PBXBuildFile; fileRef = 8AFB6A1613BB373400CB1491 /* dbAccountData.m */; };
		8A261FE714331F7A007D43F2 /* WebService.m in Sources */ = {isa = PBXBuildFile; fileRef = 8AFB6A4813BB3B7600CB1491 /* WebService.m */; };
		8A261FE814331F7A007D43F2 /* URLReader.m in Sources */ = {isa = PBXBuildFile; fileRef = 8AFB6A4B13BB3C1800CB1491 /* URLReader.m */; };
		8A261FE914331F7A007D43F2 /* Loading.m in Sources */ = {isa = PBXBuildFile; fileRef = 8AFB6A6913BB3E0B00CB1491 /* Loading.m */; };
		8A261FEA14331F7A007D43F2 /* BlackAlertView.m in Sources */ = {isa = PBXBuildFile; fileRef = 8AFB6ACD13BB465200CB1491 /* BlackAlertView.m */; };
		8A261FEB14331F7A007D43F2 /* dbStaticContent.m in Sources */ = {isa = PBXBuildFile; fileRef = 8A87E17113BC4AF200BA16C9 /* dbStaticContent.m */; };
		8A261FEC14331F7A007D43F2 /* Words.m in Sources */ = {isa = PBXBuildFile; fileRef = 8A29D44B13BC6764004B37BF /* Words.m */; };
		8A261FED14331F7A007D43F2 /* dbWord.m in Sources */ = {isa = PBXBuildFile; fileRef = 8A29D47913BC6DED004B37BF /* dbWord.m */; };
		8A261FEE14331F7A007D43F2 /* WordDetails.m in Sources */ = {isa = PBXBuildFile; fileRef = 8A29D4EF13BC7728004B37BF /* WordDetails.m */; };
		8A261FEF14331F7A007D43F2 /* dbWordComment.m in Sources */ = {isa = PBXBuildFile; fileRef = 8A29D5D113BC82DE004B37BF /* dbWordComment.m */; };
		8A261FF014331F7A007D43F2 /* WordComments.m in Sources */ = {isa = PBXBuildFile; fileRef = 8A29D63513BC8B0A004B37BF /* WordComments.m */; };
		8A261FF114331F7A007D43F2 /* CellWordComment.m in Sources */ = {isa = PBXBuildFile; fileRef = 8A29D6BA13BC9383004B37BF /* CellWordComment.m */; };
		8A261FF214331F7A007D43F2 /* WordSendComment.m in Sources */ = {isa = PBXBuildFile; fileRef = 8A29D7D513BCA4AB004B37BF /* WordSendComment.m */; };
		8A261FF314331F7A007D43F2 /* dbSetting.m in Sources */ = {isa = PBXBuildFile; fileRef = 8A29D97413BCB54E004B37BF /* dbSetting.m */; };
		8A26201014331F7A007D43F2 /* Foundation.framework in Frameworks */ = {isa = PBXBuildFile; fileRef = 1D30AB110D05D00D00671497 /* Foundation.framework */; };
		8A26201114331F7A007D43F2 /* UIKit.framework in Frameworks */ = {isa = PBXBuildFile; fileRef = 1DF5F4DF0D08C38300B7A737 /* UIKit.framework */; };
		8A26201214331F7A007D43F2 /* CoreGraphics.framework in Frameworks */ = {isa = PBXBuildFile; fileRef = 288765070DF74369002DB57D /* CoreGraphics.framework */; };
		8A26201314331F7A007D43F2 /* SystemConfiguration.framework in Frameworks */ = {isa = PBXBuildFile; fileRef = 8AAA008A13BB09EC00CDC94C /* SystemConfiguration.framework */; };
		8A26201414331F7A007D43F2 /* CoreData.framework in Frameworks */ = {isa = PBXBuildFile; fileRef = 8AAA009213BB0A1000CDC94C /* CoreData.framework */; };
		8A26201514331F7A007D43F2 /* CoreLocation.framework in Frameworks */ = {isa = PBXBuildFile; fileRef = 8AAA009413BB0A1000CDC94C /* CoreLocation.framework */; };
		8A56E4B217F420F2006B0ADC /* Social.framework in Frameworks */ = {isa = PBXBuildFile; fileRef = 8A56E4B117F420F2006B0ADC /* Social.framework */; };
		8A56E4B417F420F8006B0ADC /* Accounts.framework in Frameworks */ = {isa = PBXBuildFile; fileRef = 8A56E4B317F420F8006B0ADC /* Accounts.framework */; };
		8A56E4BD17F42967006B0ADC /* Images.xcassets in Resources */ = {isa = PBXBuildFile; fileRef = 8A56E4BC17F42967006B0ADC /* Images.xcassets */; };
		8A896EA618C61E70006206CF /* Localizable.strings in Resources */ = {isa = PBXBuildFile; fileRef = 8A896EA518C61E70006206CF /* Localizable.strings */; };
		8A914FBC1443041A00FEA5C0 /* GTMNSString_HTML.m in Sources */ = {isa = PBXBuildFile; fileRef = 8A914FBA1443041A00FEA5C0 /* GTMNSString_HTML.m */; };
/* End PBXBuildFile section */

/* Begin PBXFileReference section */
		1D30AB110D05D00D00671497 /* Foundation.framework */ = {isa = PBXFileReference; lastKnownFileType = wrapper.framework; name = Foundation.framework; path = System/Library/Frameworks/Foundation.framework; sourceTree = SDKROOT; };
		1D3623240D0F684500981E51 /* NeologAppDelegate.h */ = {isa = PBXFileReference; fileEncoding = 4; lastKnownFileType = sourcecode.c.h; path = NeologAppDelegate.h; sourceTree = "<group>"; };
		1D3623250D0F684500981E51 /* NeologAppDelegate.m */ = {isa = PBXFileReference; fileEncoding = 4; lastKnownFileType = sourcecode.c.objc; path = NeologAppDelegate.m; sourceTree = "<group>"; };
		1DF5F4DF0D08C38300B7A737 /* UIKit.framework */ = {isa = PBXFileReference; lastKnownFileType = wrapper.framework; name = UIKit.framework; path = System/Library/Frameworks/UIKit.framework; sourceTree = SDKROOT; };
		288765070DF74369002DB57D /* CoreGraphics.framework */ = {isa = PBXFileReference; lastKnownFileType = wrapper.framework; name = CoreGraphics.framework; path = System/Library/Frameworks/CoreGraphics.framework; sourceTree = SDKROOT; };
		28A0AB4B0D9B1048005BE974 /* Neolog_Prefix.pch */ = {isa = PBXFileReference; fileEncoding = 4; lastKnownFileType = sourcecode.c.h; path = Neolog_Prefix.pch; sourceTree = "<group>"; };
		28AD73870D9D96C1002E5188 /* MainWindow.xib */ = {isa = PBXFileReference; lastKnownFileType = file.xib; path = MainWindow.xib; sourceTree = "<group>"; };
		29B97316FDCFA39411CA2CEA /* main.m */ = {isa = PBXFileReference; fileEncoding = 4; lastKnownFileType = sourcecode.c.objc; path = main.m; sourceTree = "<group>"; };
		8A26201B14331F7A007D43F2 /* Neolog.app */ = {isa = PBXFileReference; explicitFileType = wrapper.application; includeInIndex = 0; path = Neolog.app; sourceTree = BUILT_PRODUCTS_DIR; };
		8A29D44A13BC6764004B37BF /* Words.h */ = {isa = PBXFileReference; fileEncoding = 4; lastKnownFileType = sourcecode.c.h; name = Words.h; path = ../Words.h; sourceTree = "<group>"; };
		8A29D44B13BC6764004B37BF /* Words.m */ = {isa = PBXFileReference; fileEncoding = 4; lastKnownFileType = sourcecode.c.objc; name = Words.m; path = ../Words.m; sourceTree = "<group>"; };
		8A29D44C13BC6764004B37BF /* Words.xib */ = {isa = PBXFileReference; lastKnownFileType = file.xib; path = Words.xib; sourceTree = "<group>"; };
		8A29D47813BC6DED004B37BF /* dbWord.h */ = {isa = PBXFileReference; fileEncoding = 4; lastKnownFileType = sourcecode.c.h; path = dbWord.h; sourceTree = "<group>"; };
		8A29D47913BC6DED004B37BF /* dbWord.m */ = {isa = PBXFileReference; fileEncoding = 4; lastKnownFileType = sourcecode.c.objc; path = dbWord.m; sourceTree = "<group>"; };
		8A29D4EE13BC7728004B37BF /* WordDetails.h */ = {isa = PBXFileReference; fileEncoding = 4; lastKnownFileType = sourcecode.c.h; name = WordDetails.h; path = ../WordDetails.h; sourceTree = "<group>"; };
		8A29D4EF13BC7728004B37BF /* WordDetails.m */ = {isa = PBXFileReference; fileEncoding = 4; lastKnownFileType = sourcecode.c.objc; name = WordDetails.m; path = ../WordDetails.m; sourceTree = "<group>"; };
		8A29D4F013BC7728004B37BF /* WordDetails.xib */ = {isa = PBXFileReference; lastKnownFileType = file.xib; path = WordDetails.xib; sourceTree = "<group>"; };
		8A29D5D013BC82DE004B37BF /* dbWordComment.h */ = {isa = PBXFileReference; fileEncoding = 4; lastKnownFileType = sourcecode.c.h; path = dbWordComment.h; sourceTree = "<group>"; };
		8A29D5D113BC82DE004B37BF /* dbWordComment.m */ = {isa = PBXFileReference; fileEncoding = 4; lastKnownFileType = sourcecode.c.objc; path = dbWordComment.m; sourceTree = "<group>"; };
		8A29D63413BC8B0A004B37BF /* WordComments.h */ = {isa = PBXFileReference; fileEncoding = 4; lastKnownFileType = sourcecode.c.h; name = WordComments.h; path = ../WordComments.h; sourceTree = "<group>"; };
		8A29D63513BC8B0A004B37BF /* WordComments.m */ = {isa = PBXFileReference; fileEncoding = 4; lastKnownFileType = sourcecode.c.objc; name = WordComments.m; path = ../WordComments.m; sourceTree = "<group>"; };
		8A29D63613BC8B0A004B37BF /* WordComments.xib */ = {isa = PBXFileReference; lastKnownFileType = file.xib; path = WordComments.xib; sourceTree = "<group>"; };
		8A29D6B913BC9383004B37BF /* CellWordComment.h */ = {isa = PBXFileReference; fileEncoding = 4; lastKnownFileType = sourcecode.c.h; name = CellWordComment.h; path = ../CellWordComment.h; sourceTree = "<group>"; };
		8A29D6BA13BC9383004B37BF /* CellWordComment.m */ = {isa = PBXFileReference; fileEncoding = 4; lastKnownFileType = sourcecode.c.objc; name = CellWordComment.m; path = ../CellWordComment.m; sourceTree = "<group>"; };
		8A29D6BB13BC9383004B37BF /* CellWordComment.xib */ = {isa = PBXFileReference; lastKnownFileType = file.xib; path = CellWordComment.xib; sourceTree = "<group>"; };
		8A29D7D413BCA4AB004B37BF /* WordSendComment.h */ = {isa = PBXFileReference; fileEncoding = 4; lastKnownFileType = sourcecode.c.h; name = WordSendComment.h; path = ../WordSendComment.h; sourceTree = "<group>"; };
		8A29D7D513BCA4AB004B37BF /* WordSendComment.m */ = {isa = PBXFileReference; fileEncoding = 4; lastKnownFileType = sourcecode.c.objc; name = WordSendComment.m; path = ../WordSendComment.m; sourceTree = "<group>"; };
		8A29D7D613BCA4AB004B37BF /* WordSendComment.xib */ = {isa = PBXFileReference; lastKnownFileType = file.xib; path = WordSendComment.xib; sourceTree = "<group>"; };
		8A29D97313BCB54E004B37BF /* dbSetting.h */ = {isa = PBXFileReference; fileEncoding = 4; lastKnownFileType = sourcecode.c.h; path = dbSetting.h; sourceTree = "<group>"; };
		8A29D97413BCB54E004B37BF /* dbSetting.m */ = {isa = PBXFileReference; fileEncoding = 4; lastKnownFileType = sourcecode.c.objc; path = dbSetting.m; sourceTree = "<group>"; };
		8A3EA5FA13EBF81200B671B2 /* libxml2.2.dylib */ = {isa = PBXFileReference; lastKnownFileType = "compiled.mach-o.dylib"; name = libxml2.2.dylib; path = usr/lib/libxml2.2.dylib; sourceTree = SDKROOT; };
		8A56E4B117F420F2006B0ADC /* Social.framework */ = {isa = PBXFileReference; lastKnownFileType = wrapper.framework; name = Social.framework; path = System/Library/Frameworks/Social.framework; sourceTree = SDKROOT; };
		8A56E4B317F420F8006B0ADC /* Accounts.framework */ = {isa = PBXFileReference; lastKnownFileType = wrapper.framework; name = Accounts.framework; path = System/Library/Frameworks/Accounts.framework; sourceTree = SDKROOT; };
		8A56E4B517F420FC006B0ADC /* Twitter.framework */ = {isa = PBXFileReference; lastKnownFileType = wrapper.framework; name = Twitter.framework; path = System/Library/Frameworks/Twitter.framework; sourceTree = SDKROOT; };
		8A56E4BC17F42967006B0ADC /* Images.xcassets */ = {isa = PBXFileReference; lastKnownFileType = folder.assetcatalog; name = Images.xcassets; path = Neolog/Images.xcassets; sourceTree = "<group>"; };
		8A87E07E13BB6D0000BA16C9 /* gaz.png */ = {isa = PBXFileReference; lastKnownFileType = image.png; path = gaz.png; sourceTree = "<group>"; };
		8A87E17013BC4AF200BA16C9 /* dbStaticContent.h */ = {isa = PBXFileReference; fileEncoding = 4; lastKnownFileType = sourcecode.c.h; path = dbStaticContent.h; sourceTree = "<group>"; };
		8A87E17113BC4AF200BA16C9 /* dbStaticContent.m */ = {isa = PBXFileReference; fileEncoding = 4; lastKnownFileType = sourcecode.c.objc; path = dbStaticContent.m; sourceTree = "<group>"; };
		8A896EA518C61E70006206CF /* Localizable.strings */ = {isa = PBXFileReference; fileEncoding = 4; lastKnownFileType = text.plist.strings; path = Localizable.strings; sourceTree = "<group>"; };
		8A914FB91443041A00FEA5C0 /* GTMNSString_HTML.h */ = {isa = PBXFileReference; fileEncoding = 4; lastKnownFileType = sourcecode.c.h; path = GTMNSString_HTML.h; sourceTree = "<group>"; };
		8A914FBA1443041A00FEA5C0 /* GTMNSString_HTML.m */ = {isa = PBXFileReference; fileEncoding = 4; lastKnownFileType = sourcecode.c.objc; path = GTMNSString_HTML.m; sourceTree = "<group>"; };
		8AAA001E13BB064B00CDC94C /* About.h */ = {isa = PBXFileReference; fileEncoding = 4; lastKnownFileType = sourcecode.c.h; name = About.h; path = ../About.h; sourceTree = "<group>"; };
		8AAA001F13BB064B00CDC94C /* About.m */ = {isa = PBXFileReference; fileEncoding = 4; lastKnownFileType = sourcecode.c.objc; name = About.m; path = ../About.m; sourceTree = "<group>"; };
		8AAA002013BB064B00CDC94C /* About.xib */ = {isa = PBXFileReference; lastKnownFileType = file.xib; path = About.xib; sourceTree = "<group>"; };
		8AAA002313BB068000CDC94C /* Settings.h */ = {isa = PBXFileReference; fileEncoding = 4; lastKnownFileType = sourcecode.c.h; name = Settings.h; path = ../Settings.h; sourceTree = "<group>"; };
		8AAA002413BB068000CDC94C /* Settings.m */ = {isa = PBXFileReference; fileEncoding = 4; lastKnownFileType = sourcecode.c.objc; name = Settings.m; path = ../Settings.m; sourceTree = "<group>"; };
		8AAA002513BB068000CDC94C /* Settings.xib */ = {isa = PBXFileReference; lastKnownFileType = file.xib; path = Settings.xib; sourceTree = "<group>"; };
		8AAA003B13BB073A00CDC94C /* nlSettings.h */ = {isa = PBXFileReference; fileEncoding = 4; lastKnownFileType = sourcecode.c.h; path = nlSettings.h; sourceTree = "<group>"; };
		8AAA003C13BB073A00CDC94C /* nlSettings.m */ = {isa = PBXFileReference; fileEncoding = 4; lastKnownFileType = sourcecode.c.objc; path = nlSettings.m; sourceTree = "<group>"; };
		8AAA004913BB08DD00CDC94C /* Reachability.h */ = {isa = PBXFileReference; fileEncoding = 4; lastKnownFileType = sourcecode.c.h; path = Reachability.h; sourceTree = "<group>"; };
		8AAA004A13BB08DD00CDC94C /* Reachability.m */ = {isa = PBXFileReference; fileEncoding = 4; lastKnownFileType = sourcecode.c.objc; path = Reachability.m; sourceTree = "<group>"; };
		8AAA008A13BB09EC00CDC94C /* SystemConfiguration.framework */ = {isa = PBXFileReference; lastKnownFileType = wrapper.framework; name = SystemConfiguration.framework; path = System/Library/Frameworks/SystemConfiguration.framework; sourceTree = SDKROOT; };
		8AAA009213BB0A1000CDC94C /* CoreData.framework */ = {isa = PBXFileReference; lastKnownFileType = wrapper.framework; name = CoreData.framework; path = System/Library/Frameworks/CoreData.framework; sourceTree = SDKROOT; };
		8AAA009413BB0A1000CDC94C /* CoreLocation.framework */ = {isa = PBXFileReference; lastKnownFileType = wrapper.framework; name = CoreLocation.framework; path = System/Library/Frameworks/CoreLocation.framework; sourceTree = SDKROOT; };
		8AAA00A713BB0A6300CDC94C /* LettersAndNests.h */ = {isa = PBXFileReference; fileEncoding = 4; lastKnownFileType = sourcecode.c.h; path = LettersAndNests.h; sourceTree = "<group>"; };
		8AAA00A813BB0A6300CDC94C /* LettersAndNests.m */ = {isa = PBXFileReference; fileEncoding = 4; lastKnownFileType = sourcecode.c.objc; path = LettersAndNests.m; sourceTree = "<group>"; };
		8AAA00A913BB0A6300CDC94C /* LettersAndNests.xib */ = {isa = PBXFileReference; lastKnownFileType = file.xib; name = LettersAndNests.xib; path = Classes/LettersAndNests.xib; sourceTree = "<group>"; };
		8AAA00AC13BB0A7400CDC94C /* SendWord.h */ = {isa = PBXFileReference; fileEncoding = 4; lastKnownFileType = sourcecode.c.h; path = SendWord.h; sourceTree = "<group>"; };
		8AAA00AD13BB0A7400CDC94C /* SendWord.m */ = {isa = PBXFileReference; fileEncoding = 4; lastKnownFileType = sourcecode.c.objc; path = SendWord.m; sourceTree = "<group>"; };
		8AAA00AE13BB0A7400CDC94C /* SendWord.xib */ = {isa = PBXFileReference; lastKnownFileType = file.xib; name = SendWord.xib; path = Classes/SendWord.xib; sourceTree = "<group>"; };
		8AAA00C513BB0AA800CDC94C /* tb-words.png */ = {isa = PBXFileReference; lastKnownFileType = image.png; path = "tb-words.png"; sourceTree = "<group>"; };
		8AAA00C713BB0AB400CDC94C /* tb-sendword.png */ = {isa = PBXFileReference; lastKnownFileType = image.png; path = "tb-sendword.png"; sourceTree = "<group>"; };
		8AAA00C913BB0AC100CDC94C /* tb-settings.png */ = {isa = PBXFileReference; lastKnownFileType = image.png; path = "tb-settings.png"; sourceTree = "<group>"; };
		8AC62BDA13BCC43F0049A5C6 /* Readme.markdown */ = {isa = PBXFileReference; fileEncoding = 4; lastKnownFileType = text; path = Readme.markdown; sourceTree = "<group>"; };
		8AE5187317F42055001A146E /* Neolog-Info.plist */ = {isa = PBXFileReference; fileEncoding = 4; lastKnownFileType = text.plist.xml; path = "Neolog-Info.plist"; sourceTree = "<group>"; };
		8AFB68AD13BB112A00CB1491 /* Neolog.xcdatamodel */ = {isa = PBXFileReference; fileEncoding = 4; lastKnownFileType = wrapper.xcdatamodel; path = Neolog.xcdatamodel; sourceTree = "<group>"; };
		8AFB68B113BB12C700CB1491 /* WordDesc.h */ = {isa = PBXFileReference; fileEncoding = 4; lastKnownFileType = sourcecode.c.h; name = WordDesc.h; path = ../WordDesc.h; sourceTree = "<group>"; };
		8AFB68B213BB12C700CB1491 /* WordDesc.m */ = {isa = PBXFileReference; fileEncoding = 4; lastKnownFileType = sourcecode.c.objc; name = WordDesc.m; path = ../WordDesc.m; sourceTree = "<group>"; };
		8AFB68B313BB12C700CB1491 /* WordDesc.xib */ = {isa = PBXFileReference; lastKnownFileType = file.xib; path = WordDesc.xib; sourceTree = "<group>"; };
		8AFB68F813BB19FB00CB1491 /* CurrentWord.h */ = {isa = PBXFileReference; fileEncoding = 4; lastKnownFileType = sourcecode.c.h; path = CurrentWord.h; sourceTree = "<group>"; };
		8AFB68F913BB19FB00CB1491 /* CurrentWord.m */ = {isa = PBXFileReference; fileEncoding = 4; lastKnownFileType = sourcecode.c.objc; path = CurrentWord.m; sourceTree = "<group>"; };
		8AFB6A0F13BB36C800CB1491 /* DBManagedObjectContext.h */ = {isa = PBXFileReference; fileEncoding = 4; lastKnownFileType = sourcecode.c.h; path = DBManagedObjectContext.h; sourceTree = "<group>"; };
		8AFB6A1013BB36C800CB1491 /* DBManagedObjectContext.m */ = {isa = PBXFileReference; fileEncoding = 4; lastKnownFileType = sourcecode.c.objc; path = DBManagedObjectContext.m; sourceTree = "<group>"; };
		8AFB6A1313BB373400CB1491 /* dbNest.h */ = {isa = PBXFileReference; fileEncoding = 4; lastKnownFileType = sourcecode.c.h; path = dbNest.h; sourceTree = "<group>"; };
		8AFB6A1413BB373400CB1491 /* dbNest.m */ = {isa = PBXFileReference; fileEncoding = 4; lastKnownFileType = sourcecode.c.objc; path = dbNest.m; sourceTree = "<group>"; };
		8AFB6A1513BB373400CB1491 /* dbAccountData.h */ = {isa = PBXFileReference; fileEncoding = 4; lastKnownFileType = sourcecode.c.h; path = dbAccountData.h; sourceTree = "<group>"; };
		8AFB6A1613BB373400CB1491 /* dbAccountData.m */ = {isa = PBXFileReference; fileEncoding = 4; lastKnownFileType = sourcecode.c.objc; path = dbAccountData.m; sourceTree = "<group>"; };
		8AFB6A4713BB3B7600CB1491 /* WebService.h */ = {isa = PBXFileReference; fileEncoding = 4; lastKnownFileType = sourcecode.c.h; path = WebService.h; sourceTree = "<group>"; };
		8AFB6A4813BB3B7600CB1491 /* WebService.m */ = {isa = PBXFileReference; fileEncoding = 4; lastKnownFileType = sourcecode.c.objc; path = WebService.m; sourceTree = "<group>"; };
		8AFB6A4A13BB3C1800CB1491 /* URLReader.h */ = {isa = PBXFileReference; fileEncoding = 4; lastKnownFileType = sourcecode.c.h; path = URLReader.h; sourceTree = "<group>"; };
		8AFB6A4B13BB3C1800CB1491 /* URLReader.m */ = {isa = PBXFileReference; fileEncoding = 4; lastKnownFileType = sourcecode.c.objc; path = URLReader.m; sourceTree = "<group>"; };
		8AFB6A6813BB3E0B00CB1491 /* Loading.h */ = {isa = PBXFileReference; fileEncoding = 4; lastKnownFileType = sourcecode.c.h; name = Loading.h; path = ../Loading.h; sourceTree = "<group>"; };
		8AFB6A6913BB3E0B00CB1491 /* Loading.m */ = {isa = PBXFileReference; fileEncoding = 4; lastKnownFileType = sourcecode.c.objc; name = Loading.m; path = ../Loading.m; sourceTree = "<group>"; };
		8AFB6A6A13BB3E0B00CB1491 /* Loading.xib */ = {isa = PBXFileReference; lastKnownFileType = file.xib; path = Loading.xib; sourceTree = "<group>"; };
		8AFB6A8213BB3EA800CB1491 /* logo.gif */ = {isa = PBXFileReference; lastKnownFileType = image.gif; path = logo.gif; sourceTree = "<group>"; };
		8AFB6ACC13BB465200CB1491 /* BlackAlertView.h */ = {isa = PBXFileReference; fileEncoding = 4; lastKnownFileType = sourcecode.c.h; path = BlackAlertView.h; sourceTree = "<group>"; };
		8AFB6ACD13BB465200CB1491 /* BlackAlertView.m */ = {isa = PBXFileReference; fileEncoding = 4; lastKnownFileType = sourcecode.c.objc; path = BlackAlertView.m; sourceTree = "<group>"; };
/* End PBXFileReference section */

/* Begin PBXFrameworksBuildPhase section */
		8A26200F14331F7A007D43F2 /* Frameworks */ = {
			isa = PBXFrameworksBuildPhase;
			buildActionMask = 2147483647;
			files = (
				8A56E4B417F420F8006B0ADC /* Accounts.framework in Frameworks */,
				8A56E4B217F420F2006B0ADC /* Social.framework in Frameworks */,
				8A26201014331F7A007D43F2 /* Foundation.framework in Frameworks */,
				8A26201114331F7A007D43F2 /* UIKit.framework in Frameworks */,
				8A26201214331F7A007D43F2 /* CoreGraphics.framework in Frameworks */,
				8A26201314331F7A007D43F2 /* SystemConfiguration.framework in Frameworks */,
				8A26201414331F7A007D43F2 /* CoreData.framework in Frameworks */,
				8A26201514331F7A007D43F2 /* CoreLocation.framework in Frameworks */,
			);
			runOnlyForDeploymentPostprocessing = 0;
		};
/* End PBXFrameworksBuildPhase section */

/* Begin PBXGroup section */
		080E96DDFE201D6D7F000001 /* Classes */ = {
			isa = PBXGroup;
			children = (
				8AAA003713BB071600CDC94C /* Utilities */,
				8A29D6BE13BC938F004B37BF /* Extended */,
				8AAA001713BB05ED00CDC94C /* Controllers */,
				1D3623240D0F684500981E51 /* NeologAppDelegate.h */,
				1D3623250D0F684500981E51 /* NeologAppDelegate.m */,
			);
			path = Classes;
			sourceTree = "<group>";
		};
		19C28FACFE9D520D11CA2CBB /* Products */ = {
			isa = PBXGroup;
			children = (
				8A26201B14331F7A007D43F2 /* Neolog.app */,
			);
			name = Products;
			sourceTree = "<group>";
		};
		29B97314FDCFA39411CA2CEA /* Neolog */ = {
			isa = PBXGroup;
			children = (
				080E96DDFE201D6D7F000001 /* Classes */,
				29B97315FDCFA39411CA2CEA /* Other Sources */,
				29B97317FDCFA39411CA2CEA /* Resources */,
				8AAA001313BB057A00CDC94C /* PList */,
				29B97323FDCFA39411CA2CEA /* Frameworks */,
				19C28FACFE9D520D11CA2CBB /* Products */,
			);
			name = Neolog;
			sourceTree = "<group>";
		};
		29B97315FDCFA39411CA2CEA /* Other Sources */ = {
			isa = PBXGroup;
			children = (
				28A0AB4B0D9B1048005BE974 /* Neolog_Prefix.pch */,
				29B97316FDCFA39411CA2CEA /* main.m */,
			);
			name = "Other Sources";
			sourceTree = "<group>";
		};
		29B97317FDCFA39411CA2CEA /* Resources */ = {
			isa = PBXGroup;
			children = (
				8A56E4BC17F42967006B0ADC /* Images.xcassets */,
				8AAA00B113BB0A8300CDC94C /* Assets */,
				8A29D6B713BC936A004B37BF /* Extended */,
				8AAA001613BB05E400CDC94C /* Controllers */,
				28AD73870D9D96C1002E5188 /* MainWindow.xib */,
			);
			name = Resources;
			sourceTree = "<group>";
		};
		29B97323FDCFA39411CA2CEA /* Frameworks */ = {
			isa = PBXGroup;
			children = (
				8A56E4B517F420FC006B0ADC /* Twitter.framework */,
				8A56E4B317F420F8006B0ADC /* Accounts.framework */,
				8A56E4B117F420F2006B0ADC /* Social.framework */,
				1DF5F4DF0D08C38300B7A737 /* UIKit.framework */,
				1D30AB110D05D00D00671497 /* Foundation.framework */,
				288765070DF74369002DB57D /* CoreGraphics.framework */,
				8AAA008A13BB09EC00CDC94C /* SystemConfiguration.framework */,
				8AAA009213BB0A1000CDC94C /* CoreData.framework */,
				8AAA009413BB0A1000CDC94C /* CoreLocation.framework */,
				8A3EA5FA13EBF81200B671B2 /* libxml2.2.dylib */,
			);
			name = Frameworks;
			sourceTree = "<group>";
		};
		8A29D6B713BC936A004B37BF /* Extended */ = {
			isa = PBXGroup;
			children = (
				8A29D6B813BC9374004B37BF /* UI */,
			);
			name = Extended;
			sourceTree = "<group>";
		};
		8A29D6B813BC9374004B37BF /* UI */ = {
			isa = PBXGroup;
			children = (
				8A29D6BB13BC9383004B37BF /* CellWordComment.xib */,
			);
			name = UI;
			sourceTree = "<group>";
		};
		8A29D6BE13BC938F004B37BF /* Extended */ = {
			isa = PBXGroup;
			children = (
				8A29D6B913BC9383004B37BF /* CellWordComment.h */,
				8A29D6BA13BC9383004B37BF /* CellWordComment.m */,
			);
			name = Extended;
			sourceTree = "<group>";
		};
		8A29D9E213BCBBDE004B37BF /* Languages */ = {
			isa = PBXGroup;
			children = (
				8A896EA518C61E70006206CF /* Localizable.strings */,
			);
			name = Languages;
			sourceTree = "<group>";
		};
		8AAA001313BB057A00CDC94C /* PList */ = {
			isa = PBXGroup;
			children = (
				8AE5187317F42055001A146E /* Neolog-Info.plist */,
			);
			name = PList;
			sourceTree = "<group>";
		};
		8AAA001613BB05E400CDC94C /* Controllers */ = {
			isa = PBXGroup;
			children = (
				8AFB6A6713BB3E0200CB1491 /* Loading */,
				8AAA002F13BB06D100CDC94C /* Words */,
				8AAA003013BB06D600CDC94C /* SendWord */,
				8AAA003113BB06DB00CDC94C /* Misc */,
			);
			name = Controllers;
			sourceTree = "<group>";
		};
		8AAA001713BB05ED00CDC94C /* Controllers */ = {
			isa = PBXGroup;
			children = (
				8AFB6A6113BB3DF500CB1491 /* Loading */,
				8AAA003413BB06EF00CDC94C /* Words */,
				8AAA003313BB06EA00CDC94C /* SendWord */,
				8AAA003213BB06E500CDC94C /* Misc */,
			);
			name = Controllers;
			sourceTree = "<group>";
		};
		8AAA002F13BB06D100CDC94C /* Words */ = {
			isa = PBXGroup;
			children = (
				8AAA00A913BB0A6300CDC94C /* LettersAndNests.xib */,
				8A29D44C13BC6764004B37BF /* Words.xib */,
				8A29D4F013BC7728004B37BF /* WordDetails.xib */,
				8A29D63613BC8B0A004B37BF /* WordComments.xib */,
				8A29D7D613BCA4AB004B37BF /* WordSendComment.xib */,
			);
			name = Words;
			sourceTree = "<group>";
		};
		8AAA003013BB06D600CDC94C /* SendWord */ = {
			isa = PBXGroup;
			children = (
				8AAA00AE13BB0A7400CDC94C /* SendWord.xib */,
				8AFB68B313BB12C700CB1491 /* WordDesc.xib */,
			);
			name = SendWord;
			sourceTree = "<group>";
		};
		8AAA003113BB06DB00CDC94C /* Misc */ = {
			isa = PBXGroup;
			children = (
				8AAA002513BB068000CDC94C /* Settings.xib */,
				8AAA002013BB064B00CDC94C /* About.xib */,
			);
			name = Misc;
			sourceTree = "<group>";
		};
		8AAA003213BB06E500CDC94C /* Misc */ = {
			isa = PBXGroup;
			children = (
				8AAA002313BB068000CDC94C /* Settings.h */,
				8AAA002413BB068000CDC94C /* Settings.m */,
				8AAA001E13BB064B00CDC94C /* About.h */,
				8AAA001F13BB064B00CDC94C /* About.m */,
			);
			name = Misc;
			sourceTree = "<group>";
		};
		8AAA003313BB06EA00CDC94C /* SendWord */ = {
			isa = PBXGroup;
			children = (
				8AAA00AC13BB0A7400CDC94C /* SendWord.h */,
				8AAA00AD13BB0A7400CDC94C /* SendWord.m */,
				8AFB68B113BB12C700CB1491 /* WordDesc.h */,
				8AFB68B213BB12C700CB1491 /* WordDesc.m */,
			);
			name = SendWord;
			sourceTree = "<group>";
		};
		8AAA003413BB06EF00CDC94C /* Words */ = {
			isa = PBXGroup;
			children = (
				8AAA00A713BB0A6300CDC94C /* LettersAndNests.h */,
				8AAA00A813BB0A6300CDC94C /* LettersAndNests.m */,
				8A29D44A13BC6764004B37BF /* Words.h */,
				8A29D44B13BC6764004B37BF /* Words.m */,
				8A29D4EE13BC7728004B37BF /* WordDetails.h */,
				8A29D4EF13BC7728004B37BF /* WordDetails.m */,
				8A29D63413BC8B0A004B37BF /* WordComments.h */,
				8A29D63513BC8B0A004B37BF /* WordComments.m */,
				8A29D7D413BCA4AB004B37BF /* WordSendComment.h */,
				8A29D7D513BCA4AB004B37BF /* WordSendComment.m */,
			);
			name = Words;
			sourceTree = "<group>";
		};
		8AAA003713BB071600CDC94C /* Utilities */ = {
			isa = PBXGroup;
			children = (
				8AFB6ACB13BB464800CB1491 /* UI */,
				8AFB6A4613BB3B6600CB1491 /* Services */,
				8AFB68F713BB19EC00CB1491 /* Data */,
				8AAA004813BB08D400CDC94C /* NET */,
				8AAA003B13BB073A00CDC94C /* nlSettings.h */,
				8AAA003C13BB073A00CDC94C /* nlSettings.m */,
				8A914FB91443041A00FEA5C0 /* GTMNSString_HTML.h */,
				8A914FBA1443041A00FEA5C0 /* GTMNSString_HTML.m */,
			);
			name = Utilities;
			sourceTree = "<group>";
		};
		8AAA004813BB08D400CDC94C /* NET */ = {
			isa = PBXGroup;
			children = (
				8AFB6A4A13BB3C1800CB1491 /* URLReader.h */,
				8AFB6A4B13BB3C1800CB1491 /* URLReader.m */,
				8AAA004913BB08DD00CDC94C /* Reachability.h */,
				8AAA004A13BB08DD00CDC94C /* Reachability.m */,
			);
			name = NET;
			sourceTree = "<group>";
		};
		8AAA00B113BB0A8300CDC94C /* Assets */ = {
			isa = PBXGroup;
			children = (
				8A29D9E213BCBBDE004B37BF /* Languages */,
				8AFB68AC13BB111700CB1491 /* Database */,
				8AAA00B213BB0A8700CDC94C /* Images */,
				8AC62BDA13BCC43F0049A5C6 /* Readme.markdown */,
			);
			name = Assets;
			sourceTree = "<group>";
		};
		8AAA00B213BB0A8700CDC94C /* Images */ = {
			isa = PBXGroup;
			children = (
				8AFB6A8113BB3E9500CB1491 /* Tabbar */,
				8AFB6A8213BB3EA800CB1491 /* logo.gif */,
				8A87E07E13BB6D0000BA16C9 /* gaz.png */,
			);
			name = Images;
			sourceTree = "<group>";
		};
		8AFB68AC13BB111700CB1491 /* Database */ = {
			isa = PBXGroup;
			children = (
				8AFB68AD13BB112A00CB1491 /* Neolog.xcdatamodel */,
			);
			name = Database;
			sourceTree = "<group>";
		};
		8AFB68F713BB19EC00CB1491 /* Data */ = {
			isa = PBXGroup;
			children = (
				8AFB6A0E13BB36B900CB1491 /* DB */,
				8AFB68F813BB19FB00CB1491 /* CurrentWord.h */,
				8AFB68F913BB19FB00CB1491 /* CurrentWord.m */,
			);
			name = Data;
			sourceTree = "<group>";
		};
		8AFB6A0E13BB36B900CB1491 /* DB */ = {
			isa = PBXGroup;
			children = (
				8AFB6A1213BB372400CB1491 /* Entities */,
				8AFB6A0F13BB36C800CB1491 /* DBManagedObjectContext.h */,
				8AFB6A1013BB36C800CB1491 /* DBManagedObjectContext.m */,
			);
			name = DB;
			sourceTree = "<group>";
		};
		8AFB6A1213BB372400CB1491 /* Entities */ = {
			isa = PBXGroup;
			children = (
				8AFB6A1313BB373400CB1491 /* dbNest.h */,
				8AFB6A1413BB373400CB1491 /* dbNest.m */,
				8AFB6A1513BB373400CB1491 /* dbAccountData.h */,
				8AFB6A1613BB373400CB1491 /* dbAccountData.m */,
				8A87E17013BC4AF200BA16C9 /* dbStaticContent.h */,
				8A87E17113BC4AF200BA16C9 /* dbStaticContent.m */,
				8A29D47813BC6DED004B37BF /* dbWord.h */,
				8A29D47913BC6DED004B37BF /* dbWord.m */,
				8A29D5D013BC82DE004B37BF /* dbWordComment.h */,
				8A29D5D113BC82DE004B37BF /* dbWordComment.m */,
				8A29D97313BCB54E004B37BF /* dbSetting.h */,
				8A29D97413BCB54E004B37BF /* dbSetting.m */,
			);
			name = Entities;
			sourceTree = "<group>";
		};
		8AFB6A4613BB3B6600CB1491 /* Services */ = {
			isa = PBXGroup;
			children = (
				8AFB6A4713BB3B7600CB1491 /* WebService.h */,
				8AFB6A4813BB3B7600CB1491 /* WebService.m */,
			);
			name = Services;
			sourceTree = "<group>";
		};
		8AFB6A6113BB3DF500CB1491 /* Loading */ = {
			isa = PBXGroup;
			children = (
				8AFB6A6813BB3E0B00CB1491 /* Loading.h */,
				8AFB6A6913BB3E0B00CB1491 /* Loading.m */,
			);
			name = Loading;
			sourceTree = "<group>";
		};
		8AFB6A6713BB3E0200CB1491 /* Loading */ = {
			isa = PBXGroup;
			children = (
				8AFB6A6A13BB3E0B00CB1491 /* Loading.xib */,
			);
			name = Loading;
			sourceTree = "<group>";
		};
		8AFB6A8113BB3E9500CB1491 /* Tabbar */ = {
			isa = PBXGroup;
			children = (
				8AAA00C513BB0AA800CDC94C /* tb-words.png */,
				8AAA00C713BB0AB400CDC94C /* tb-sendword.png */,
				8AAA00C913BB0AC100CDC94C /* tb-settings.png */,
			);
			name = Tabbar;
			sourceTree = "<group>";
		};
		8AFB6ACB13BB464800CB1491 /* UI */ = {
			isa = PBXGroup;
			children = (
				8AFB6ACC13BB465200CB1491 /* BlackAlertView.h */,
				8AFB6ACD13BB465200CB1491 /* BlackAlertView.m */,
			);
			name = UI;
			sourceTree = "<group>";
		};
/* End PBXGroup section */

/* Begin PBXNativeTarget section */
		8A261FBE14331F7A007D43F2 /* Neolog */ = {
			isa = PBXNativeTarget;
			buildConfigurationList = 8A26201814331F7A007D43F2 /* Build configuration list for PBXNativeTarget "Neolog" */;
			buildPhases = (
				8A261FBF14331F7A007D43F2 /* Resources */,
				8A261FD814331F7A007D43F2 /* Sources */,
				8A26200F14331F7A007D43F2 /* Frameworks */,
			);
			buildRules = (
			);
			dependencies = (
			);
			name = Neolog;
			productName = Neolog;
			productReference = 8A26201B14331F7A007D43F2 /* Neolog.app */;
			productType = "com.apple.product-type.application";
		};
/* End PBXNativeTarget section */

/* Begin PBXProject section */
		29B97313FDCFA39411CA2CEA /* Project object */ = {
			isa = PBXProject;
			attributes = {
				LastUpgradeCheck = 0500;
				ORGANIZATIONNAME = neolog.bg;
				TargetAttributes = {
					8A261FBE14331F7A007D43F2 = {
						DevelopmentTeam = LG4UH4M6Y9;
					};
				};
			};
			buildConfigurationList = C01FCF4E08A954540054247B /* Build configuration list for PBXProject "Neolog" */;
			compatibilityVersion = "Xcode 3.2";
			developmentRegion = English;
			hasScannedForEncodings = 1;
			knownRegions = (
				English,
				Japanese,
				French,
				German,
				Bulgarian,
			);
			mainGroup = 29B97314FDCFA39411CA2CEA /* Neolog */;
			projectDirPath = "";
			projectRoot = "";
			targets = (
				8A261FBE14331F7A007D43F2 /* Neolog */,
			);
		};
/* End PBXProject section */

/* Begin PBXResourcesBuildPhase section */
		8A261FBF14331F7A007D43F2 /* Resources */ = {
			isa = PBXResourcesBuildPhase;
			buildActionMask = 2147483647;
			files = (
				8A261FC014331F7A007D43F2 /* MainWindow.xib in Resources */,
				8A261FC114331F7A007D43F2 /* About.xib in Resources */,
				8A261FC214331F7A007D43F2 /* Settings.xib in Resources */,
				8A261FC314331F7A007D43F2 /* LettersAndNests.xib in Resources */,
				8A261FC414331F7A007D43F2 /* SendWord.xib in Resources */,
				8A261FC514331F7A007D43F2 /* tb-words.png in Resources */,
				8A261FC614331F7A007D43F2 /* tb-sendword.png in Resources */,
				8A261FC714331F7A007D43F2 /* tb-settings.png in Resources */,
				8A261FC814331F7A007D43F2 /* WordDesc.xib in Resources */,
				8A261FC914331F7A007D43F2 /* Loading.xib in Resources */,
				8A261FCA14331F7A007D43F2 /* logo.gif in Resources */,
				8A261FCB14331F7A007D43F2 /* gaz.png in Resources */,
				8A261FCC14331F7A007D43F2 /* Words.xib in Resources */,
				8A261FCD14331F7A007D43F2 /* WordDetails.xib in Resources */,
				8A261FD014331F7A007D43F2 /* WordComments.xib in Resources */,
				8A56E4BD17F42967006B0ADC /* Images.xcassets in Resources */,
				8A896EA618C61E70006206CF /* Localizable.strings in Resources */,
				8A261FD114331F7A007D43F2 /* CellWordComment.xib in Resources */,
				8A261FD214331F7A007D43F2 /* WordSendComment.xib in Resources */,
			);
			runOnlyForDeploymentPostprocessing = 0;
		};
/* End PBXResourcesBuildPhase section */

/* Begin PBXSourcesBuildPhase section */
		8A261FD814331F7A007D43F2 /* Sources */ = {
			isa = PBXSourcesBuildPhase;
			buildActionMask = 2147483647;
			files = (
				8A261FD914331F7A007D43F2 /* main.m in Sources */,
				8A261FDA14331F7A007D43F2 /* NeologAppDelegate.m in Sources */,
				8A261FDB14331F7A007D43F2 /* About.m in Sources */,
				8A261FDC14331F7A007D43F2 /* Settings.m in Sources */,
				8A261FDD14331F7A007D43F2 /* nlSettings.m in Sources */,
				8A261FDE14331F7A007D43F2 /* Reachability.m in Sources */,
				8A261FDF14331F7A007D43F2 /* LettersAndNests.m in Sources */,
				8A261FE014331F7A007D43F2 /* SendWord.m in Sources */,
				8A261FE114331F7A007D43F2 /* Neolog.xcdatamodel in Sources */,
				8A261FE214331F7A007D43F2 /* WordDesc.m in Sources */,
				8A261FE314331F7A007D43F2 /* CurrentWord.m in Sources */,
				8A261FE414331F7A007D43F2 /* DBManagedObjectContext.m in Sources */,
				8A261FE514331F7A007D43F2 /* dbNest.m in Sources */,
				8A261FE614331F7A007D43F2 /* dbAccountData.m in Sources */,
				8A261FE714331F7A007D43F2 /* WebService.m in Sources */,
				8A261FE814331F7A007D43F2 /* URLReader.m in Sources */,
				8A261FE914331F7A007D43F2 /* Loading.m in Sources */,
				8A261FEA14331F7A007D43F2 /* BlackAlertView.m in Sources */,
				8A261FEB14331F7A007D43F2 /* dbStaticContent.m in Sources */,
				8A261FEC14331F7A007D43F2 /* Words.m in Sources */,
				8A261FED14331F7A007D43F2 /* dbWord.m in Sources */,
				8A261FEE14331F7A007D43F2 /* WordDetails.m in Sources */,
				8A261FEF14331F7A007D43F2 /* dbWordComment.m in Sources */,
				8A261FF014331F7A007D43F2 /* WordComments.m in Sources */,
				8A261FF114331F7A007D43F2 /* CellWordComment.m in Sources */,
				8A261FF214331F7A007D43F2 /* WordSendComment.m in Sources */,
				8A261FF314331F7A007D43F2 /* dbSetting.m in Sources */,
				8A914FBC1443041A00FEA5C0 /* GTMNSString_HTML.m in Sources */,
			);
			runOnlyForDeploymentPostprocessing = 0;
		};
/* End PBXSourcesBuildPhase section */

/* Begin XCBuildConfiguration section */
		8A26201914331F7A007D43F2 /* Debug */ = {
			isa = XCBuildConfiguration;
			buildSettings = {
				ALWAYS_SEARCH_USER_PATHS = NO;
				ARCHS = "$(ARCHS_STANDARD_INCLUDING_64_BIT)";
				ASSETCATALOG_COMPILER_APPICON_NAME = AppIcon;
				ASSETCATALOG_COMPILER_LAUNCHIMAGE_NAME = LaunchImage;
				CLANG_ENABLE_OBJC_ARC = YES;
				CLANG_WARN_BOOL_CONVERSION = YES;
				CLANG_WARN_CONSTANT_CONVERSION = YES;
				CLANG_WARN_ENUM_CONVERSION = YES;
				CLANG_WARN_INT_CONVERSION = YES;
				CODE_SIGN_IDENTITY = "iPhone Distribution: SERGEY PETROV (LG4UH4M6Y9)";
				"CODE_SIGN_IDENTITY[sdk=iphoneos*]" = "iPhone Distribution: SERGEY PETROV (LG4UH4M6Y9)";
				COPY_PHASE_STRIP = NO;
				GCC_DYNAMIC_NO_PIC = NO;
				GCC_OPTIMIZATION_LEVEL = s;
				GCC_PRECOMPILE_PREFIX_HEADER = YES;
				GCC_PREFIX_HEADER = Neolog_Prefix.pch;
				GCC_VERSION = "";
				GCC_WARN_64_TO_32_BIT_CONVERSION = YES;
				HEADER_SEARCH_PATHS = "";
				INFOPLIST_FILE = "Neolog-Info.plist";
				IPHONEOS_DEPLOYMENT_TARGET = 7.0;
				LIBRARY_SEARCH_PATHS = "$(inherited)";
				ONLY_ACTIVE_ARCH = YES;
				PRODUCT_NAME = Neolog;
				PROVISIONING_PROFILE = "68266459-1EE2-4915-BC8B-0A59F537B226";
				TARGETED_DEVICE_FAMILY = 1;
			};
			name = Debug;
		};
		8A26201A14331F7A007D43F2 /* Release */ = {
			isa = XCBuildConfiguration;
			buildSettings = {
				ALWAYS_SEARCH_USER_PATHS = NO;
				ARCHS = "$(ARCHS_STANDARD_INCLUDING_64_BIT)";
				ASSETCATALOG_COMPILER_APPICON_NAME = AppIcon;
				ASSETCATALOG_COMPILER_LAUNCHIMAGE_NAME = LaunchImage;
				CLANG_ENABLE_OBJC_ARC = YES;
				CLANG_WARN_BOOL_CONVERSION = YES;
				CLANG_WARN_CONSTANT_CONVERSION = YES;
				CLANG_WARN_ENUM_CONVERSION = YES;
				CLANG_WARN_INT_CONVERSION = YES;
				CODE_SIGN_IDENTITY = "iPhone Distribution: SERGEY PETROV (LG4UH4M6Y9)";
				"CODE_SIGN_IDENTITY[sdk=iphoneos*]" = "iPhone Distribution: SERGEY PETROV (LG4UH4M6Y9)";
				COPY_PHASE_STRIP = YES;
				GCC_OPTIMIZATION_LEVEL = s;
				GCC_PRECOMPILE_PREFIX_HEADER = YES;
				GCC_PREFIX_HEADER = Neolog_Prefix.pch;
				GCC_VERSION = "";
				GCC_WARN_64_TO_32_BIT_CONVERSION = YES;
				HEADER_SEARCH_PATHS = "";
				INFOPLIST_FILE = "Neolog-Info.plist";
				IPHONEOS_DEPLOYMENT_TARGET = 7.0;
				LIBRARY_SEARCH_PATHS = "$(inherited)";
				ONLY_ACTIVE_ARCH = NO;
				OTHER_CFLAGS = "";
				PRODUCT_NAME = Neolog;
				PROVISIONING_PROFILE = "68266459-1EE2-4915-BC8B-0A59F537B226";
				TARGETED_DEVICE_FAMILY = 1;
				VALIDATE_PRODUCT = YES;
			};
			name = Release;
		};
		C01FCF4F08A954540054247B /* Debug */ = {
			isa = XCBuildConfiguration;
			buildSettings = {
				ALWAYS_SEARCH_USER_PATHS = NO;
				"CODE_SIGN_IDENTITY[sdk=iphoneos*]" = "iPhone Developer";
				GCC_C_LANGUAGE_STANDARD = c99;
				GCC_VERSION = com.apple.compilers.llvmgcc42;
				GCC_WARN_ABOUT_RETURN_TYPE = YES;
				GCC_WARN_UNUSED_VARIABLE = YES;
				HEADER_SEARCH_PATHS = "";
				IPHONEOS_DEPLOYMENT_TARGET = 6.0;
				LIBRARY_SEARCH_PATHS = "$(inherited)";
				ONLY_ACTIVE_ARCH = YES;
				SDKROOT = iphoneos;
			};
			name = Debug;
		};
		C01FCF5008A954540054247B /* Release */ = {
			isa = XCBuildConfiguration;
			buildSettings = {
				ALWAYS_SEARCH_USER_PATHS = NO;
				"CODE_SIGN_IDENTITY[sdk=iphoneos*]" = "iPhone Developer";
				GCC_C_LANGUAGE_STANDARD = c99;
				GCC_VERSION = com.apple.compilers.llvmgcc42;
				GCC_WARN_ABOUT_RETURN_TYPE = YES;
				GCC_WARN_UNUSED_VARIABLE = YES;
				HEADER_SEARCH_PATHS = "";
				IPHONEOS_DEPLOYMENT_TARGET = 6.0;
				LIBRARY_SEARCH_PATHS = "$(inherited)";
				ONLY_ACTIVE_ARCH = YES;
				OTHER_CFLAGS = "-DNS_BLOCK_ASSERTIONS=1";
				SDKROOT = iphoneos;
			};
			name = Release;
		};
/* End XCBuildConfiguration section */

/* Begin XCConfigurationList section */
		8A26201814331F7A007D43F2 /* Build configuration list for PBXNativeTarget "Neolog" */ = {
			isa = XCConfigurationList;
			buildConfigurations = (
				8A26201914331F7A007D43F2 /* Debug */,
				8A26201A14331F7A007D43F2 /* Release */,
			);
			defaultConfigurationIsVisible = 0;
			defaultConfigurationName = Release;
		};
		C01FCF4E08A954540054247B /* Build configuration list for PBXProject "Neolog" */ = {
			isa = XCConfigurationList;
			buildConfigurations = (
				C01FCF4F08A954540054247B /* Debug */,
				C01FCF5008A954540054247B /* Release */,
			);
			defaultConfigurationIsVisible = 0;
			defaultConfigurationName = Release;
		};
/* End XCConfigurationList section */
	};
	rootObject = 29B97313FDCFA39411CA2CEA /* Project object */;
}
